// !$*UTF8*$!
{
	archiveVersion = 1;
	classes = {
	};
	objectVersion = 46;
	objects = {

/* Begin PBXBuildFile section */
		5A1FF53D1948263B0056750F /* FunnelModel.m in Sources */ = {isa = PBXBuildFile; fileRef = 5A1FF53C1948263B0056750F /* FunnelModel.m */; };
		660BA98E1902CDEA00CDF86E /* LoginViewController.m in Sources */ = {isa = PBXBuildFile; fileRef = 660BA98D1902CDEA00CDF86E /* LoginViewController.m */; };
		6620BA8018E32FD700769C48 /* Files.png in Resources */ = {isa = PBXBuildFile; fileRef = 6620BA7C18E32FD700769C48 /* Files.png */; };
		6620BA8118E32FD700769C48 /* Meetings.png in Resources */ = {isa = PBXBuildFile; fileRef = 6620BA7D18E32FD700769C48 /* Meetings.png */; };
		6620BA8218E32FD700769C48 /* Payments.png in Resources */ = {isa = PBXBuildFile; fileRef = 6620BA7E18E32FD700769C48 /* Payments.png */; };
		6620BA8318E32FD700769C48 /* Travel.png in Resources */ = {isa = PBXBuildFile; fileRef = 6620BA7F18E32FD700769C48 /* Travel.png */; };
		6620BA9118E343FA00769C48 /* Forums.png in Resources */ = {isa = PBXBuildFile; fileRef = 6620BA8C18E343FA00769C48 /* Forums.png */; };
		6620BA9218E343FA00769C48 /* News.png in Resources */ = {isa = PBXBuildFile; fileRef = 6620BA8D18E343FA00769C48 /* News.png */; };
		6620BA9318E343FA00769C48 /* Plus Sign.png in Resources */ = {isa = PBXBuildFile; fileRef = 6620BA8E18E343FA00769C48 /* Plus Sign.png */; };
		6620BA9418E343FA00769C48 /* Shopping.png in Resources */ = {isa = PBXBuildFile; fileRef = 6620BA8F18E343FA00769C48 /* Shopping.png */; };
		6620BA9518E343FA00769C48 /* Social.png in Resources */ = {isa = PBXBuildFile; fileRef = 6620BA9018E343FA00769C48 /* Social.png */; };
		6620BA9818E348EA00769C48 /* Menu.png in Resources */ = {isa = PBXBuildFile; fileRef = 6620BA9718E348EA00769C48 /* Menu.png */; };
		6620BA9C18E38BE500769C48 /* Compose.png in Resources */ = {isa = PBXBuildFile; fileRef = 6620BA9918E38BE500769C48 /* Compose.png */; };
		6620BA9D18E38BE500769C48 /* Funnl.png in Resources */ = {isa = PBXBuildFile; fileRef = 6620BA9A18E38BE500769C48 /* Funnl.png */; };
		6620BA9E18E38BE500769C48 /* Mail.png in Resources */ = {isa = PBXBuildFile; fileRef = 6620BA9B18E38BE500769C48 /* Mail.png */; };
		6620BAAB18E399C700769C48 /* Email 1.png in Resources */ = {isa = PBXBuildFile; fileRef = 6620BAA618E399C700769C48 /* Email 1.png */; };
		6620BAAC18E399C700769C48 /* Email 2.png in Resources */ = {isa = PBXBuildFile; fileRef = 6620BAA718E399C700769C48 /* Email 2.png */; };
		6620BAAD18E399C700769C48 /* Email 3.png in Resources */ = {isa = PBXBuildFile; fileRef = 6620BAA818E399C700769C48 /* Email 3.png */; };
		6620BAAE18E399C700769C48 /* Email 4.png in Resources */ = {isa = PBXBuildFile; fileRef = 6620BAA918E399C700769C48 /* Email 4.png */; };
		6620BAAF18E399C700769C48 /* Email 5.png in Resources */ = {isa = PBXBuildFile; fileRef = 6620BAAA18E399C700769C48 /* Email 5.png */; };
		667787F818EF6E4500EF1962 /* libMailCore-ios.a in Frameworks */ = {isa = PBXBuildFile; fileRef = 667787EF18EF6D9800EF1962 /* libMailCore-ios.a */; };
		667787FA18EF6E9400EF1962 /* CFNetwork.framework in Frameworks */ = {isa = PBXBuildFile; fileRef = 667787F918EF6E9400EF1962 /* CFNetwork.framework */; };
		667787FC18EF6E9900EF1962 /* Security.framework in Frameworks */ = {isa = PBXBuildFile; fileRef = 667787FB18EF6E9900EF1962 /* Security.framework */; };
		6677880118EF768B00EF1962 /* MsgViewController.mm in Sources */ = {isa = PBXBuildFile; fileRef = 6677880018EF768B00EF1962 /* MsgViewController.mm */; };
		6677880C18EF80BF00EF1962 /* EmailCell.m in Sources */ = {isa = PBXBuildFile; fileRef = 6677880B18EF80BF00EF1962 /* EmailCell.m */; };
		6677881718EF83F800EF1962 /* MCOMessageView.mm in Sources */ = {isa = PBXBuildFile; fileRef = 6677881618EF83F800EF1962 /* MCOMessageView.mm */; };
		6677881A18EF84FB00EF1962 /* MCOCIDURLProtocol.mm in Sources */ = {isa = PBXBuildFile; fileRef = 6677881918EF84FB00EF1962 /* MCOCIDURLProtocol.mm */; };
		6677881C18F0797800EF1962 /* ImageIO.framework in Frameworks */ = {isa = PBXBuildFile; fileRef = 6677881B18F0797800EF1962 /* ImageIO.framework */; };
		6677882518F0ADBB00EF1962 /* SystemConfiguration.framework in Frameworks */ = {isa = PBXBuildFile; fileRef = 6677882418F0ADBB00EF1962 /* SystemConfiguration.framework */; };
		6677882718F0AEED00EF1962 /* main.mm in Sources */ = {isa = PBXBuildFile; fileRef = 6677882618F0AEED00EF1962 /* main.mm */; };
		66AEEB811933002D00B6DBE5 /* EmailsTableViewController.m in Sources */ = {isa = PBXBuildFile; fileRef = 66AEEB801933002D00B6DBE5 /* EmailsTableViewController.m */; };
		66AEEBA41936B1FC00B6DBE5 /* GTMOAuth2Authentication.m in Sources */ = {isa = PBXBuildFile; fileRef = 66AEEBA31936B1FC00B6DBE5 /* GTMOAuth2Authentication.m */; settings = {COMPILER_FLAGS = "-fno-objc-arc"; }; };
		66AEEBA71936B24900B6DBE5 /* GTMOAuth2SignIn.m in Sources */ = {isa = PBXBuildFile; fileRef = 66AEEBA61936B24900B6DBE5 /* GTMOAuth2SignIn.m */; settings = {COMPILER_FLAGS = "-fno-objc-arc"; }; };
		66AEEBAB1936B26B00B6DBE5 /* GTMOAuth2ViewControllerTouch.m in Sources */ = {isa = PBXBuildFile; fileRef = 66AEEBA91936B26B00B6DBE5 /* GTMOAuth2ViewControllerTouch.m */; settings = {COMPILER_FLAGS = "-fno-objc-arc"; }; };
		66AEEBAC1936B26B00B6DBE5 /* GTMOAuth2ViewTouch.xib in Resources */ = {isa = PBXBuildFile; fileRef = 66AEEBAA1936B26B00B6DBE5 /* GTMOAuth2ViewTouch.xib */; };
		66AEEBAF1936B5D100B6DBE5 /* GTMHTTPFetcher.m in Sources */ = {isa = PBXBuildFile; fileRef = 66AEEBAE1936B5D100B6DBE5 /* GTMHTTPFetcher.m */; settings = {COMPILER_FLAGS = "-fno-objc-arc"; }; };
		66AEEBBC19370EAB00B6DBE5 /* intro.png in Resources */ = {isa = PBXBuildFile; fileRef = 66AEEBBB19370EAB00B6DBE5 /* intro.png */; };
		66AEEBBE193719AF00B6DBE5 /* login.png in Resources */ = {isa = PBXBuildFile; fileRef = 66AEEBBD193719AF00B6DBE5 /* login.png */; };
		66E669751904431E003F9305 /* KeychainItemWrapper.m in Sources */ = {isa = PBXBuildFile; fileRef = 66E669741904431E003F9305 /* KeychainItemWrapper.m */; };
		66F2C46A18E3293E00CD593E /* Foundation.framework in Frameworks */ = {isa = PBXBuildFile; fileRef = 66F2C46918E3293E00CD593E /* Foundation.framework */; };
		66F2C46C18E3293E00CD593E /* CoreGraphics.framework in Frameworks */ = {isa = PBXBuildFile; fileRef = 66F2C46B18E3293E00CD593E /* CoreGraphics.framework */; };
		66F2C46E18E3293E00CD593E /* UIKit.framework in Frameworks */ = {isa = PBXBuildFile; fileRef = 66F2C46D18E3293E00CD593E /* UIKit.framework */; };
		66F2C47418E3293E00CD593E /* InfoPlist.strings in Resources */ = {isa = PBXBuildFile; fileRef = 66F2C47218E3293E00CD593E /* InfoPlist.strings */; };
		66F2C47A18E3293E00CD593E /* AppDelegate.m in Sources */ = {isa = PBXBuildFile; fileRef = 66F2C47918E3293E00CD593E /* AppDelegate.m */; };
		66F2C48218E3293E00CD593E /* Images.xcassets in Resources */ = {isa = PBXBuildFile; fileRef = 66F2C48118E3293E00CD593E /* Images.xcassets */; };
		66F2C48918E3293F00CD593E /* XCTest.framework in Frameworks */ = {isa = PBXBuildFile; fileRef = 66F2C48818E3293F00CD593E /* XCTest.framework */; };
		66F2C48A18E3293F00CD593E /* Foundation.framework in Frameworks */ = {isa = PBXBuildFile; fileRef = 66F2C46918E3293E00CD593E /* Foundation.framework */; };
		66F2C48B18E3293F00CD593E /* UIKit.framework in Frameworks */ = {isa = PBXBuildFile; fileRef = 66F2C46D18E3293E00CD593E /* UIKit.framework */; };
		66F2C49318E3293F00CD593E /* InfoPlist.strings in Resources */ = {isa = PBXBuildFile; fileRef = 66F2C49118E3293F00CD593E /* InfoPlist.strings */; };
		66F2C49518E3293F00CD593E /* FunnlMailTests.m in Sources */ = {isa = PBXBuildFile; fileRef = 66F2C49418E3293F00CD593E /* FunnlMailTests.m */; };
		B751C88D1940FD620051DF0B /* SendEmailViewController.m in Sources */ = {isa = PBXBuildFile; fileRef = B751C88C1940FD620051DF0B /* SendEmailViewController.m */; };
		B751C88F1940FDFF0051DF0B /* MessageUI.framework in Frameworks */ = {isa = PBXBuildFile; fileRef = B751C88E1940FDFF0051DF0B /* MessageUI.framework */; };
		CC39517218E6F9700093C787 /* MainFilterCell.m in Sources */ = {isa = PBXBuildFile; fileRef = CC39517118E6F9700093C787 /* MainFilterCell.m */; };
		CC4263B01934B67A00F3C5EB /* FMDatabase.m in Sources */ = {isa = PBXBuildFile; fileRef = CC4263A61934B67A00F3C5EB /* FMDatabase.m */; };
		CC4263B11934B67A00F3C5EB /* FMDatabaseAdditions.m in Sources */ = {isa = PBXBuildFile; fileRef = CC4263A81934B67A00F3C5EB /* FMDatabaseAdditions.m */; };
		CC4263B21934B67A00F3C5EB /* FMDatabasePool.m in Sources */ = {isa = PBXBuildFile; fileRef = CC4263AA1934B67A00F3C5EB /* FMDatabasePool.m */; };
		CC4263B31934B67A00F3C5EB /* FMDatabaseQueue.m in Sources */ = {isa = PBXBuildFile; fileRef = CC4263AC1934B67A00F3C5EB /* FMDatabaseQueue.m */; };
		CC4263B41934B67A00F3C5EB /* FMResultSet.m in Sources */ = {isa = PBXBuildFile; fileRef = CC4263AF1934B67A00F3C5EB /* FMResultSet.m */; };
		CC4263B61934B68600F3C5EB /* libsqlite3.dylib in Frameworks */ = {isa = PBXBuildFile; fileRef = CC4263B51934B68600F3C5EB /* libsqlite3.dylib */; };
		CC4263BA1934BB2000F3C5EB /* SQLiteDatabase.m in Sources */ = {isa = PBXBuildFile; fileRef = CC4263B91934BB2000F3C5EB /* SQLiteDatabase.m */; };
		CC4263BC1934BB6700F3C5EB /* dbschema.sql in Resources */ = {isa = PBXBuildFile; fileRef = CC4263BB1934BB6700F3C5EB /* dbschema.sql */; };
		CC7F72F418E837C9008962C3 /* FilterViewCell.m in Sources */ = {isa = PBXBuildFile; fileRef = CC7F72F318E837C9008962C3 /* FilterViewCell.m */; };
		CC7F72F818E83925008962C3 /* EmailService.m in Sources */ = {isa = PBXBuildFile; fileRef = CC7F72F618E83925008962C3 /* EmailService.m */; };
		CC8A455C18E832B8009FDBDB /* UIColor+HexString.m in Sources */ = {isa = PBXBuildFile; fileRef = CC8A455B18E832B8009FDBDB /* UIColor+HexString.m */; };
		CC8C7EAD18E6F1C100E76AE8 /* MainVC.m in Sources */ = {isa = PBXBuildFile; fileRef = CC8C7EAC18E6F1C100E76AE8 /* MainVC.m */; };
		CC8C7EC818E6F38100E76AE8 /* MASCompositeConstraint.m in Sources */ = {isa = PBXBuildFile; fileRef = CC8C7EB318E6F38100E76AE8 /* MASCompositeConstraint.m */; };
		CC8C7EC918E6F38100E76AE8 /* MASConstraint.m in Sources */ = {isa = PBXBuildFile; fileRef = CC8C7EB518E6F38100E76AE8 /* MASConstraint.m */; };
		CC8C7ECA18E6F38100E76AE8 /* MASConstraintMaker.m in Sources */ = {isa = PBXBuildFile; fileRef = CC8C7EB718E6F38100E76AE8 /* MASConstraintMaker.m */; };
		CC8C7ECB18E6F38100E76AE8 /* MASLayoutConstraint.m in Sources */ = {isa = PBXBuildFile; fileRef = CC8C7EB918E6F38100E76AE8 /* MASLayoutConstraint.m */; };
		CC8C7ECC18E6F38100E76AE8 /* MASViewAttribute.m in Sources */ = {isa = PBXBuildFile; fileRef = CC8C7EBD18E6F38100E76AE8 /* MASViewAttribute.m */; };
		CC8C7ECD18E6F38100E76AE8 /* MASViewConstraint.m in Sources */ = {isa = PBXBuildFile; fileRef = CC8C7EBF18E6F38100E76AE8 /* MASViewConstraint.m */; };
		CC8C7ECE18E6F38100E76AE8 /* NSArray+MASAdditions.m in Sources */ = {isa = PBXBuildFile; fileRef = CC8C7EC118E6F38100E76AE8 /* NSArray+MASAdditions.m */; };
		CC8C7ECF18E6F38100E76AE8 /* NSLayoutConstraint+MASDebugAdditions.m in Sources */ = {isa = PBXBuildFile; fileRef = CC8C7EC418E6F38100E76AE8 /* NSLayoutConstraint+MASDebugAdditions.m */; };
		CC8C7ED018E6F38100E76AE8 /* View+MASAdditions.m in Sources */ = {isa = PBXBuildFile; fileRef = CC8C7EC618E6F38100E76AE8 /* View+MASAdditions.m */; };
		CCC9E40F193D5CC20028DC84 /* EmailServersService.m in Sources */ = {isa = PBXBuildFile; fileRef = CCC9E40E193D5CC20028DC84 /* EmailServersService.m */; };
		CCC9E416193D5CDF0028DC84 /* EmailServerModel.m in Sources */ = {isa = PBXBuildFile; fileRef = CCC9E415193D5CDF0028DC84 /* EmailServerModel.m */; };
		CCC9E41C193DF5E80028DC84 /* FunnelService.m in Sources */ = {isa = PBXBuildFile; fileRef = CCC9E41B193DF5E80028DC84 /* FunnelService.m */; };
		CCC9E41F193DF91D0028DC84 /* MessageModel.m in Sources */ = {isa = PBXBuildFile; fileRef = CCC9E41E193DF91D0028DC84 /* MessageModel.m */; };
		CCC9E422193DF9B10028DC84 /* MessageService.m in Sources */ = {isa = PBXBuildFile; fileRef = CCC9E421193DF9B10028DC84 /* MessageService.m */; };
		CCC9E425193E414F0028DC84 /* ServiceUtils.m in Sources */ = {isa = PBXBuildFile; fileRef = CCC9E424193E414F0028DC84 /* ServiceUtils.m */; };
		CCC9E428193E47980028DC84 /* ServiceTests.m in Sources */ = {isa = PBXBuildFile; fileRef = CCC9E427193E47980028DC84 /* ServiceTests.m */; };
		CCC9E42B193E8D180028DC84 /* MessageFilterXRefService.m in Sources */ = {isa = PBXBuildFile; fileRef = CCC9E42A193E8D180028DC84 /* MessageFilterXRefService.m */; };
		CCD00B5B18F54797007A675F /* MainView.m in Sources */ = {isa = PBXBuildFile; fileRef = CCD00B5A18F54797007A675F /* MainView.m */; };
		FA1AEB6C19346BE300E93907 /* add.png in Resources */ = {isa = PBXBuildFile; fileRef = FA1AEB6B19346BE300E93907 /* add.png */; };
		FA2C9BAB193DEF5200866BEE /* MCSwipeTableViewCell.m in Sources */ = {isa = PBXBuildFile; fileRef = FA2C9BAA193DEF5200866BEE /* MCSwipeTableViewCell.m */; };
		FA2C9BB2193DF57700866BEE /* cross.png in Resources */ = {isa = PBXBuildFile; fileRef = FA2C9BB0193DF57700866BEE /* cross.png */; };
		FA2C9BB3193DF57700866BEE /* cross@2x.png in Resources */ = {isa = PBXBuildFile; fileRef = FA2C9BB1193DF57700866BEE /* cross@2x.png */; };
		FA2C9BB6193DF5CE00866BEE /* archive.png in Resources */ = {isa = PBXBuildFile; fileRef = FA2C9BB4193DF5CE00866BEE /* archive.png */; };
		FA2C9BB7193DF5CE00866BEE /* archive@2x.png in Resources */ = {isa = PBXBuildFile; fileRef = FA2C9BB5193DF5CE00866BEE /* archive@2x.png */; };
		FA2C9BD1193EDFCB00866BEE /* MMDrawerBarButtonItem.m in Sources */ = {isa = PBXBuildFile; fileRef = FA2C9BC9193EDFCB00866BEE /* MMDrawerBarButtonItem.m */; };
		FA2C9BD2193EDFCB00866BEE /* MMDrawerController.m in Sources */ = {isa = PBXBuildFile; fileRef = FA2C9BCC193EDFCB00866BEE /* MMDrawerController.m */; };
		FA2C9BD3193EDFCB00866BEE /* MMDrawerVisualState.m in Sources */ = {isa = PBXBuildFile; fileRef = FA2C9BCE193EDFCB00866BEE /* MMDrawerVisualState.m */; };
		FA2C9BD4193EDFCB00866BEE /* UIViewController+MMDrawerController.m in Sources */ = {isa = PBXBuildFile; fileRef = FA2C9BD0193EDFCB00866BEE /* UIViewController+MMDrawerController.m */; };
		FA2C9BDB193EE66400866BEE /* MenuViewController.m in Sources */ = {isa = PBXBuildFile; fileRef = FA2C9BDA193EE66400866BEE /* MenuViewController.m */; };
		FA2C9BDE193EF92400866BEE /* Main.storyboard in Resources */ = {isa = PBXBuildFile; fileRef = FA2C9BDC193EF92400866BEE /* Main.storyboard */; };
		FA2F433F193318BE00C1F119 /* CreateFunnlViewController.m in Sources */ = {isa = PBXBuildFile; fileRef = FA2F433E193318BE00C1F119 /* CreateFunnlViewController.m */; };
		FA5627D71935C92600238F40 /* settings@2x.png in Resources */ = {isa = PBXBuildFile; fileRef = FA5627D31935C92600238F40 /* settings@2x.png */; };
		FA5627D81935C92600238F40 /* settings.png in Resources */ = {isa = PBXBuildFile; fileRef = FA5627D41935C92600238F40 /* settings.png */; };
		FA5627D91935C92600238F40 /* notification@2x.png in Resources */ = {isa = PBXBuildFile; fileRef = FA5627D51935C92600238F40 /* notification@2x.png */; };
		FA5627DA1935C92600238F40 /* notification.png in Resources */ = {isa = PBXBuildFile; fileRef = FA5627D61935C92600238F40 /* notification.png */; };
		FA5627E11935E57700238F40 /* close.png in Resources */ = {isa = PBXBuildFile; fileRef = FA5627DF1935E57700238F40 /* close.png */; };
		FA5627E21935E57700238F40 /* close@2x.png in Resources */ = {isa = PBXBuildFile; fileRef = FA5627E01935E57700238F40 /* close@2x.png */; };
		FA5627E61936136600238F40 /* MBProgressHUD.m in Sources */ = {isa = PBXBuildFile; fileRef = FA5627E51936136600238F40 /* MBProgressHUD.m */; };
		FA5627FA193C5F5200238F40 /* QuartzCore.framework in Frameworks */ = {isa = PBXBuildFile; fileRef = FA5627F9193C5F5200238F40 /* QuartzCore.framework */; };
		FA7A445C193F2FE300ABCB29 /* MenuCell.m in Sources */ = {isa = PBXBuildFile; fileRef = FA7A445B193F2FE300ABCB29 /* MenuCell.m */; };
		FA8A4ADB193D902B004890E3 /* NSDate+TimeAgo.m in Sources */ = {isa = PBXBuildFile; fileRef = FA8A4AD9193D902B004890E3 /* NSDate+TimeAgo.m */; };
		FA8A4ADC193D902B004890E3 /* NSDateTimeAgo.bundle in Resources */ = {isa = PBXBuildFile; fileRef = FA8A4ADA193D902B004890E3 /* NSDateTimeAgo.bundle */; };
		FA8DDA551933A6420049F83F /* TextFieldCell.m in Sources */ = {isa = PBXBuildFile; fileRef = FA8DDA541933A6420049F83F /* TextFieldCell.m */; };
/* End PBXBuildFile section */

/* Begin PBXContainerItemProxy section */
		667787EC18EF6D9800EF1962 /* PBXContainerItemProxy */ = {
			isa = PBXContainerItemProxy;
			containerPortal = 667787E418EF6D9700EF1962 /* mailcore2.xcodeproj */;
			proxyType = 2;
			remoteGlobalIDString = C64EA537169E772200778456;
			remoteInfo = "static mailcore2 osx";
		};
		667787EE18EF6D9800EF1962 /* PBXContainerItemProxy */ = {
			isa = PBXContainerItemProxy;
			containerPortal = 667787E418EF6D9700EF1962 /* mailcore2.xcodeproj */;
			proxyType = 2;
			remoteGlobalIDString = C6BA2C191705F4E6003F0E9E;
			remoteInfo = "static mailcore2 ios";
		};
		667787F018EF6D9800EF1962 /* PBXContainerItemProxy */ = {
			isa = PBXContainerItemProxy;
			containerPortal = 667787E418EF6D9700EF1962 /* mailcore2.xcodeproj */;
			proxyType = 2;
			remoteGlobalIDString = C64EA78C169F259200778456;
			remoteInfo = tests;
		};
		667787F218EF6D9800EF1962 /* PBXContainerItemProxy */ = {
			isa = PBXContainerItemProxy;
			containerPortal = 667787E418EF6D9700EF1962 /* mailcore2.xcodeproj */;
			proxyType = 2;
			remoteGlobalIDString = C6A81B911706840C00882C15;
			remoteInfo = "test-ios";
		};
		667787F418EF6D9800EF1962 /* PBXContainerItemProxy */ = {
			isa = PBXContainerItemProxy;
			containerPortal = 667787E418EF6D9700EF1962 /* mailcore2.xcodeproj */;
			proxyType = 2;
			remoteGlobalIDString = C6BD288D170BD71100A91AC1;
			remoteInfo = "mailcore osx";
		};
		667787F618EF6E0200EF1962 /* PBXContainerItemProxy */ = {
			isa = PBXContainerItemProxy;
			containerPortal = 667787E418EF6D9700EF1962 /* mailcore2.xcodeproj */;
			proxyType = 1;
			remoteGlobalIDString = C6BA2B091705F4E6003F0E9E;
			remoteInfo = "static mailcore2 ios";
		};
		66F2C48C18E3293F00CD593E /* PBXContainerItemProxy */ = {
			isa = PBXContainerItemProxy;
			containerPortal = 66F2C45E18E3293E00CD593E /* Project object */;
			proxyType = 1;
			remoteGlobalIDString = 66F2C46518E3293E00CD593E;
			remoteInfo = FunnlMail;
		};
/* End PBXContainerItemProxy section */

/* Begin PBXFileReference section */
		5A1FF53B1948263B0056750F /* FunnelModel.h */ = {isa = PBXFileReference; fileEncoding = 4; lastKnownFileType = sourcecode.c.h; name = FunnelModel.h; path = models/FunnelModel.h; sourceTree = "<group>"; };
		5A1FF53C1948263B0056750F /* FunnelModel.m */ = {isa = PBXFileReference; fileEncoding = 4; lastKnownFileType = sourcecode.c.objc; name = FunnelModel.m; path = models/FunnelModel.m; sourceTree = "<group>"; };
		660BA98C1902CDEA00CDF86E /* LoginViewController.h */ = {isa = PBXFileReference; fileEncoding = 4; lastKnownFileType = sourcecode.c.h; name = LoginViewController.h; path = viewcontrollers/LoginViewController.h; sourceTree = "<group>"; };
		660BA98D1902CDEA00CDF86E /* LoginViewController.m */ = {isa = PBXFileReference; fileEncoding = 4; lastKnownFileType = sourcecode.c.objc; name = LoginViewController.m; path = viewcontrollers/LoginViewController.m; sourceTree = "<group>"; };
		6620BA7C18E32FD700769C48 /* Files.png */ = {isa = PBXFileReference; lastKnownFileType = image.png; path = Files.png; sourceTree = "<group>"; };
		6620BA7D18E32FD700769C48 /* Meetings.png */ = {isa = PBXFileReference; lastKnownFileType = image.png; path = Meetings.png; sourceTree = "<group>"; };
		6620BA7E18E32FD700769C48 /* Payments.png */ = {isa = PBXFileReference; lastKnownFileType = image.png; path = Payments.png; sourceTree = "<group>"; };
		6620BA7F18E32FD700769C48 /* Travel.png */ = {isa = PBXFileReference; lastKnownFileType = image.png; path = Travel.png; sourceTree = "<group>"; };
		6620BA8C18E343FA00769C48 /* Forums.png */ = {isa = PBXFileReference; lastKnownFileType = image.png; path = Forums.png; sourceTree = "<group>"; };
		6620BA8D18E343FA00769C48 /* News.png */ = {isa = PBXFileReference; lastKnownFileType = image.png; path = News.png; sourceTree = "<group>"; };
		6620BA8E18E343FA00769C48 /* Plus Sign.png */ = {isa = PBXFileReference; lastKnownFileType = image.png; path = "Plus Sign.png"; sourceTree = "<group>"; };
		6620BA8F18E343FA00769C48 /* Shopping.png */ = {isa = PBXFileReference; lastKnownFileType = image.png; path = Shopping.png; sourceTree = "<group>"; };
		6620BA9018E343FA00769C48 /* Social.png */ = {isa = PBXFileReference; lastKnownFileType = image.png; path = Social.png; sourceTree = "<group>"; };
		6620BA9718E348EA00769C48 /* Menu.png */ = {isa = PBXFileReference; lastKnownFileType = image.png; path = Menu.png; sourceTree = "<group>"; };
		6620BA9918E38BE500769C48 /* Compose.png */ = {isa = PBXFileReference; lastKnownFileType = image.png; path = Compose.png; sourceTree = "<group>"; };
		6620BA9A18E38BE500769C48 /* Funnl.png */ = {isa = PBXFileReference; lastKnownFileType = image.png; path = Funnl.png; sourceTree = "<group>"; };
		6620BA9B18E38BE500769C48 /* Mail.png */ = {isa = PBXFileReference; lastKnownFileType = image.png; path = Mail.png; sourceTree = "<group>"; };
		6620BAA618E399C700769C48 /* Email 1.png */ = {isa = PBXFileReference; lastKnownFileType = image.png; path = "Email 1.png"; sourceTree = "<group>"; };
		6620BAA718E399C700769C48 /* Email 2.png */ = {isa = PBXFileReference; lastKnownFileType = image.png; path = "Email 2.png"; sourceTree = "<group>"; };
		6620BAA818E399C700769C48 /* Email 3.png */ = {isa = PBXFileReference; lastKnownFileType = image.png; path = "Email 3.png"; sourceTree = "<group>"; };
		6620BAA918E399C700769C48 /* Email 4.png */ = {isa = PBXFileReference; lastKnownFileType = image.png; path = "Email 4.png"; sourceTree = "<group>"; };
		6620BAAA18E399C700769C48 /* Email 5.png */ = {isa = PBXFileReference; lastKnownFileType = image.png; path = "Email 5.png"; sourceTree = "<group>"; };
		667787E418EF6D9700EF1962 /* mailcore2.xcodeproj */ = {isa = PBXFileReference; lastKnownFileType = "wrapper.pb-project"; name = mailcore2.xcodeproj; path = "mailcore2/build-mac/mailcore2.xcodeproj"; sourceTree = SOURCE_ROOT; };
		667787F918EF6E9400EF1962 /* CFNetwork.framework */ = {isa = PBXFileReference; lastKnownFileType = wrapper.framework; name = CFNetwork.framework; path = System/Library/Frameworks/CFNetwork.framework; sourceTree = SDKROOT; };
		667787FB18EF6E9900EF1962 /* Security.framework */ = {isa = PBXFileReference; lastKnownFileType = wrapper.framework; name = Security.framework; path = System/Library/Frameworks/Security.framework; sourceTree = SDKROOT; };
		667787FF18EF768B00EF1962 /* MsgViewController.h */ = {isa = PBXFileReference; fileEncoding = 4; lastKnownFileType = sourcecode.c.h; name = MsgViewController.h; path = viewcontrollers/MsgViewController.h; sourceTree = "<group>"; };
		6677880018EF768B00EF1962 /* MsgViewController.mm */ = {isa = PBXFileReference; fileEncoding = 4; lastKnownFileType = sourcecode.cpp.objcpp; name = MsgViewController.mm; path = viewcontrollers/MsgViewController.mm; sourceTree = "<group>"; };
		6677880A18EF80BF00EF1962 /* EmailCell.h */ = {isa = PBXFileReference; fileEncoding = 4; lastKnownFileType = sourcecode.c.h; name = EmailCell.h; path = tablecells/EmailCell.h; sourceTree = "<group>"; };
		6677880B18EF80BF00EF1962 /* EmailCell.m */ = {isa = PBXFileReference; fileEncoding = 4; lastKnownFileType = sourcecode.c.objc; name = EmailCell.m; path = tablecells/EmailCell.m; sourceTree = "<group>"; };
		6677881518EF83F800EF1962 /* MCOMessageView.h */ = {isa = PBXFileReference; fileEncoding = 4; lastKnownFileType = sourcecode.c.h; path = MCOMessageView.h; sourceTree = "<group>"; };
		6677881618EF83F800EF1962 /* MCOMessageView.mm */ = {isa = PBXFileReference; fileEncoding = 4; lastKnownFileType = sourcecode.cpp.objcpp; path = MCOMessageView.mm; sourceTree = "<group>"; };
		6677881818EF84FB00EF1962 /* MCOCIDURLProtocol.h */ = {isa = PBXFileReference; fileEncoding = 4; lastKnownFileType = sourcecode.c.h; path = MCOCIDURLProtocol.h; sourceTree = "<group>"; };
		6677881918EF84FB00EF1962 /* MCOCIDURLProtocol.mm */ = {isa = PBXFileReference; fileEncoding = 4; lastKnownFileType = sourcecode.cpp.objcpp; path = MCOCIDURLProtocol.mm; sourceTree = "<group>"; };
		6677881B18F0797800EF1962 /* ImageIO.framework */ = {isa = PBXFileReference; lastKnownFileType = wrapper.framework; name = ImageIO.framework; path = System/Library/Frameworks/ImageIO.framework; sourceTree = SDKROOT; };
		6677882418F0ADBB00EF1962 /* SystemConfiguration.framework */ = {isa = PBXFileReference; lastKnownFileType = wrapper.framework; name = SystemConfiguration.framework; path = System/Library/Frameworks/SystemConfiguration.framework; sourceTree = SDKROOT; };
		6677882618F0AEED00EF1962 /* main.mm */ = {isa = PBXFileReference; fileEncoding = 4; lastKnownFileType = sourcecode.cpp.objcpp; path = main.mm; sourceTree = "<group>"; };
		66AEEB7F1933002D00B6DBE5 /* EmailsTableViewController.h */ = {isa = PBXFileReference; fileEncoding = 4; lastKnownFileType = sourcecode.c.h; name = EmailsTableViewController.h; path = viewcontrollers/EmailsTableViewController.h; sourceTree = "<group>"; };
		66AEEB801933002D00B6DBE5 /* EmailsTableViewController.m */ = {isa = PBXFileReference; fileEncoding = 4; lastKnownFileType = sourcecode.c.objc; name = EmailsTableViewController.m; path = viewcontrollers/EmailsTableViewController.m; sourceTree = "<group>"; };
		66AEEBA21936B1FC00B6DBE5 /* GTMOAuth2Authentication.h */ = {isa = PBXFileReference; fileEncoding = 4; lastKnownFileType = sourcecode.c.h; path = GTMOAuth2Authentication.h; sourceTree = "<group>"; };
		66AEEBA31936B1FC00B6DBE5 /* GTMOAuth2Authentication.m */ = {isa = PBXFileReference; fileEncoding = 4; lastKnownFileType = sourcecode.c.objc; path = GTMOAuth2Authentication.m; sourceTree = "<group>"; };
		66AEEBA51936B24900B6DBE5 /* GTMOAuth2SignIn.h */ = {isa = PBXFileReference; fileEncoding = 4; lastKnownFileType = sourcecode.c.h; path = GTMOAuth2SignIn.h; sourceTree = "<group>"; };
		66AEEBA61936B24900B6DBE5 /* GTMOAuth2SignIn.m */ = {isa = PBXFileReference; fileEncoding = 4; lastKnownFileType = sourcecode.c.objc; path = GTMOAuth2SignIn.m; sourceTree = "<group>"; };
		66AEEBA81936B26B00B6DBE5 /* GTMOAuth2ViewControllerTouch.h */ = {isa = PBXFileReference; fileEncoding = 4; lastKnownFileType = sourcecode.c.h; path = GTMOAuth2ViewControllerTouch.h; sourceTree = "<group>"; };
		66AEEBA91936B26B00B6DBE5 /* GTMOAuth2ViewControllerTouch.m */ = {isa = PBXFileReference; fileEncoding = 4; lastKnownFileType = sourcecode.c.objc; path = GTMOAuth2ViewControllerTouch.m; sourceTree = "<group>"; };
		66AEEBAA1936B26B00B6DBE5 /* GTMOAuth2ViewTouch.xib */ = {isa = PBXFileReference; fileEncoding = 4; lastKnownFileType = file.xib; path = GTMOAuth2ViewTouch.xib; sourceTree = "<group>"; };
		66AEEBAD1936B5D100B6DBE5 /* GTMHTTPFetcher.h */ = {isa = PBXFileReference; fileEncoding = 4; lastKnownFileType = sourcecode.c.h; path = GTMHTTPFetcher.h; sourceTree = "<group>"; };
		66AEEBAE1936B5D100B6DBE5 /* GTMHTTPFetcher.m */ = {isa = PBXFileReference; fileEncoding = 4; lastKnownFileType = sourcecode.c.objc; path = GTMHTTPFetcher.m; sourceTree = "<group>"; };
		66AEEBBB19370EAB00B6DBE5 /* intro.png */ = {isa = PBXFileReference; lastKnownFileType = image.png; path = intro.png; sourceTree = "<group>"; };
		66AEEBBD193719AF00B6DBE5 /* login.png */ = {isa = PBXFileReference; lastKnownFileType = image.png; path = login.png; sourceTree = "<group>"; };
		66E669731904431E003F9305 /* KeychainItemWrapper.h */ = {isa = PBXFileReference; fileEncoding = 4; lastKnownFileType = sourcecode.c.h; path = KeychainItemWrapper.h; sourceTree = "<group>"; };
		66E669741904431E003F9305 /* KeychainItemWrapper.m */ = {isa = PBXFileReference; fileEncoding = 4; lastKnownFileType = sourcecode.c.objc; path = KeychainItemWrapper.m; sourceTree = "<group>"; };
		66F2C46618E3293E00CD593E /* FunnlMail.app */ = {isa = PBXFileReference; explicitFileType = wrapper.application; includeInIndex = 0; path = FunnlMail.app; sourceTree = BUILT_PRODUCTS_DIR; };
		66F2C46918E3293E00CD593E /* Foundation.framework */ = {isa = PBXFileReference; lastKnownFileType = wrapper.framework; name = Foundation.framework; path = System/Library/Frameworks/Foundation.framework; sourceTree = SDKROOT; };
		66F2C46B18E3293E00CD593E /* CoreGraphics.framework */ = {isa = PBXFileReference; lastKnownFileType = wrapper.framework; name = CoreGraphics.framework; path = System/Library/Frameworks/CoreGraphics.framework; sourceTree = SDKROOT; };
		66F2C46D18E3293E00CD593E /* UIKit.framework */ = {isa = PBXFileReference; lastKnownFileType = wrapper.framework; name = UIKit.framework; path = System/Library/Frameworks/UIKit.framework; sourceTree = SDKROOT; };
		66F2C47118E3293E00CD593E /* FunnlMail-Info.plist */ = {isa = PBXFileReference; lastKnownFileType = text.plist.xml; path = "FunnlMail-Info.plist"; sourceTree = "<group>"; };
		66F2C47318E3293E00CD593E /* en */ = {isa = PBXFileReference; lastKnownFileType = text.plist.strings; name = en; path = en.lproj/InfoPlist.strings; sourceTree = "<group>"; };
		66F2C47718E3293E00CD593E /* FunnlMail-Prefix.pch */ = {isa = PBXFileReference; lastKnownFileType = sourcecode.c.h; path = "FunnlMail-Prefix.pch"; sourceTree = "<group>"; };
		66F2C47818E3293E00CD593E /* AppDelegate.h */ = {isa = PBXFileReference; lastKnownFileType = sourcecode.c.h; path = AppDelegate.h; sourceTree = "<group>"; };
		66F2C47918E3293E00CD593E /* AppDelegate.m */ = {isa = PBXFileReference; lastKnownFileType = sourcecode.c.objc; path = AppDelegate.m; sourceTree = "<group>"; };
		66F2C48118E3293E00CD593E /* Images.xcassets */ = {isa = PBXFileReference; lastKnownFileType = folder.assetcatalog; path = Images.xcassets; sourceTree = "<group>"; };
		66F2C48718E3293F00CD593E /* FunnlMailTests.xctest */ = {isa = PBXFileReference; explicitFileType = wrapper.cfbundle; includeInIndex = 0; path = FunnlMailTests.xctest; sourceTree = BUILT_PRODUCTS_DIR; };
		66F2C48818E3293F00CD593E /* XCTest.framework */ = {isa = PBXFileReference; lastKnownFileType = wrapper.framework; name = XCTest.framework; path = Library/Frameworks/XCTest.framework; sourceTree = DEVELOPER_DIR; };
		66F2C49018E3293F00CD593E /* FunnlMailTests-Info.plist */ = {isa = PBXFileReference; lastKnownFileType = text.plist.xml; path = "FunnlMailTests-Info.plist"; sourceTree = "<group>"; };
		66F2C49218E3293F00CD593E /* en */ = {isa = PBXFileReference; lastKnownFileType = text.plist.strings; name = en; path = en.lproj/InfoPlist.strings; sourceTree = "<group>"; };
		66F2C49418E3293F00CD593E /* FunnlMailTests.m */ = {isa = PBXFileReference; lastKnownFileType = sourcecode.c.objc; path = FunnlMailTests.m; sourceTree = "<group>"; };
		B751C88B1940FD620051DF0B /* SendEmailViewController.h */ = {isa = PBXFileReference; fileEncoding = 4; lastKnownFileType = sourcecode.c.h; path = SendEmailViewController.h; sourceTree = "<group>"; };
		B751C88C1940FD620051DF0B /* SendEmailViewController.m */ = {isa = PBXFileReference; fileEncoding = 4; lastKnownFileType = sourcecode.c.objc; path = SendEmailViewController.m; sourceTree = "<group>"; };
		B751C88E1940FDFF0051DF0B /* MessageUI.framework */ = {isa = PBXFileReference; lastKnownFileType = wrapper.framework; name = MessageUI.framework; path = System/Library/Frameworks/MessageUI.framework; sourceTree = SDKROOT; };
		CC1AD1DC18F54BE9000E356C /* MainVCDelegate.h */ = {isa = PBXFileReference; fileEncoding = 4; lastKnownFileType = sourcecode.c.h; name = MainVCDelegate.h; path = viewcontrollers/MainVCDelegate.h; sourceTree = "<group>"; };
		CC39517018E6F9700093C787 /* MainFilterCell.h */ = {isa = PBXFileReference; fileEncoding = 4; lastKnownFileType = sourcecode.c.h; name = MainFilterCell.h; path = collectionviewcells/MainFilterCell.h; sourceTree = "<group>"; };
		CC39517118E6F9700093C787 /* MainFilterCell.m */ = {isa = PBXFileReference; fileEncoding = 4; lastKnownFileType = sourcecode.c.objc; name = MainFilterCell.m; path = collectionviewcells/MainFilterCell.m; sourceTree = "<group>"; };
		CC4263A51934B67A00F3C5EB /* FMDatabase.h */ = {isa = PBXFileReference; fileEncoding = 4; lastKnownFileType = sourcecode.c.h; name = FMDatabase.h; path = FMDatabase/FMDatabase.h; sourceTree = "<group>"; };
		CC4263A61934B67A00F3C5EB /* FMDatabase.m */ = {isa = PBXFileReference; fileEncoding = 4; lastKnownFileType = sourcecode.c.objc; name = FMDatabase.m; path = FMDatabase/FMDatabase.m; sourceTree = "<group>"; };
		CC4263A71934B67A00F3C5EB /* FMDatabaseAdditions.h */ = {isa = PBXFileReference; fileEncoding = 4; lastKnownFileType = sourcecode.c.h; name = FMDatabaseAdditions.h; path = FMDatabase/FMDatabaseAdditions.h; sourceTree = "<group>"; };
		CC4263A81934B67A00F3C5EB /* FMDatabaseAdditions.m */ = {isa = PBXFileReference; fileEncoding = 4; lastKnownFileType = sourcecode.c.objc; name = FMDatabaseAdditions.m; path = FMDatabase/FMDatabaseAdditions.m; sourceTree = "<group>"; };
		CC4263A91934B67A00F3C5EB /* FMDatabasePool.h */ = {isa = PBXFileReference; fileEncoding = 4; lastKnownFileType = sourcecode.c.h; name = FMDatabasePool.h; path = FMDatabase/FMDatabasePool.h; sourceTree = "<group>"; };
		CC4263AA1934B67A00F3C5EB /* FMDatabasePool.m */ = {isa = PBXFileReference; fileEncoding = 4; lastKnownFileType = sourcecode.c.objc; name = FMDatabasePool.m; path = FMDatabase/FMDatabasePool.m; sourceTree = "<group>"; };
		CC4263AB1934B67A00F3C5EB /* FMDatabaseQueue.h */ = {isa = PBXFileReference; fileEncoding = 4; lastKnownFileType = sourcecode.c.h; name = FMDatabaseQueue.h; path = FMDatabase/FMDatabaseQueue.h; sourceTree = "<group>"; };
		CC4263AC1934B67A00F3C5EB /* FMDatabaseQueue.m */ = {isa = PBXFileReference; fileEncoding = 4; lastKnownFileType = sourcecode.c.objc; name = FMDatabaseQueue.m; path = FMDatabase/FMDatabaseQueue.m; sourceTree = "<group>"; };
		CC4263AD1934B67A00F3C5EB /* FMDB.h */ = {isa = PBXFileReference; fileEncoding = 4; lastKnownFileType = sourcecode.c.h; name = FMDB.h; path = FMDatabase/FMDB.h; sourceTree = "<group>"; };
		CC4263AE1934B67A00F3C5EB /* FMResultSet.h */ = {isa = PBXFileReference; fileEncoding = 4; lastKnownFileType = sourcecode.c.h; name = FMResultSet.h; path = FMDatabase/FMResultSet.h; sourceTree = "<group>"; };
		CC4263AF1934B67A00F3C5EB /* FMResultSet.m */ = {isa = PBXFileReference; fileEncoding = 4; lastKnownFileType = sourcecode.c.objc; name = FMResultSet.m; path = FMDatabase/FMResultSet.m; sourceTree = "<group>"; };
		CC4263B51934B68600F3C5EB /* libsqlite3.dylib */ = {isa = PBXFileReference; lastKnownFileType = "compiled.mach-o.dylib"; name = libsqlite3.dylib; path = usr/lib/libsqlite3.dylib; sourceTree = SDKROOT; };
		CC4263B81934BB2000F3C5EB /* SQLiteDatabase.h */ = {isa = PBXFileReference; fileEncoding = 4; lastKnownFileType = sourcecode.c.h; name = SQLiteDatabase.h; path = database/SQLiteDatabase.h; sourceTree = "<group>"; };
		CC4263B91934BB2000F3C5EB /* SQLiteDatabase.m */ = {isa = PBXFileReference; fileEncoding = 4; lastKnownFileType = sourcecode.c.objc; name = SQLiteDatabase.m; path = database/SQLiteDatabase.m; sourceTree = "<group>"; };
		CC4263BB1934BB6700F3C5EB /* dbschema.sql */ = {isa = PBXFileReference; fileEncoding = 4; lastKnownFileType = text; path = dbschema.sql; sourceTree = "<group>"; };
		CC7F72F218E837C9008962C3 /* FilterViewCell.h */ = {isa = PBXFileReference; fileEncoding = 4; lastKnownFileType = sourcecode.c.h; name = FilterViewCell.h; path = tablecells/FilterViewCell.h; sourceTree = "<group>"; };
		CC7F72F318E837C9008962C3 /* FilterViewCell.m */ = {isa = PBXFileReference; fileEncoding = 4; lastKnownFileType = sourcecode.c.objc; name = FilterViewCell.m; path = tablecells/FilterViewCell.m; sourceTree = "<group>"; };
		CC7F72F618E83925008962C3 /* EmailService.m */ = {isa = PBXFileReference; fileEncoding = 4; lastKnownFileType = sourcecode.c.objc; name = EmailService.m; path = services/EmailService.m; sourceTree = "<group>"; };
		CC7F72F718E83925008962C3 /* EmailService.h */ = {isa = PBXFileReference; fileEncoding = 4; lastKnownFileType = sourcecode.c.h; name = EmailService.h; path = services/EmailService.h; sourceTree = "<group>"; };
		CC8A455A18E832B8009FDBDB /* UIColor+HexString.h */ = {isa = PBXFileReference; fileEncoding = 4; lastKnownFileType = sourcecode.c.h; name = "UIColor+HexString.h"; path = "categories/UIColor+HexString.h"; sourceTree = "<group>"; };
		CC8A455B18E832B8009FDBDB /* UIColor+HexString.m */ = {isa = PBXFileReference; fileEncoding = 4; lastKnownFileType = sourcecode.c.objc; name = "UIColor+HexString.m"; path = "categories/UIColor+HexString.m"; sourceTree = "<group>"; };
		CC8C7EAB18E6F1C100E76AE8 /* MainVC.h */ = {isa = PBXFileReference; fileEncoding = 4; lastKnownFileType = sourcecode.c.h; name = MainVC.h; path = viewcontrollers/MainVC.h; sourceTree = "<group>"; };
		CC8C7EAC18E6F1C100E76AE8 /* MainVC.m */ = {isa = PBXFileReference; fileEncoding = 4; lastKnownFileType = sourcecode.c.objc; name = MainVC.m; path = viewcontrollers/MainVC.m; sourceTree = "<group>"; };
		CC8C7EB218E6F38100E76AE8 /* MASCompositeConstraint.h */ = {isa = PBXFileReference; fileEncoding = 4; lastKnownFileType = sourcecode.c.h; path = MASCompositeConstraint.h; sourceTree = "<group>"; };
		CC8C7EB318E6F38100E76AE8 /* MASCompositeConstraint.m */ = {isa = PBXFileReference; fileEncoding = 4; lastKnownFileType = sourcecode.c.objc; path = MASCompositeConstraint.m; sourceTree = "<group>"; };
		CC8C7EB418E6F38100E76AE8 /* MASConstraint.h */ = {isa = PBXFileReference; fileEncoding = 4; lastKnownFileType = sourcecode.c.h; path = MASConstraint.h; sourceTree = "<group>"; };
		CC8C7EB518E6F38100E76AE8 /* MASConstraint.m */ = {isa = PBXFileReference; fileEncoding = 4; lastKnownFileType = sourcecode.c.objc; path = MASConstraint.m; sourceTree = "<group>"; };
		CC8C7EB618E6F38100E76AE8 /* MASConstraintMaker.h */ = {isa = PBXFileReference; fileEncoding = 4; lastKnownFileType = sourcecode.c.h; path = MASConstraintMaker.h; sourceTree = "<group>"; };
		CC8C7EB718E6F38100E76AE8 /* MASConstraintMaker.m */ = {isa = PBXFileReference; fileEncoding = 4; lastKnownFileType = sourcecode.c.objc; path = MASConstraintMaker.m; sourceTree = "<group>"; };
		CC8C7EB818E6F38100E76AE8 /* MASLayoutConstraint.h */ = {isa = PBXFileReference; fileEncoding = 4; lastKnownFileType = sourcecode.c.h; path = MASLayoutConstraint.h; sourceTree = "<group>"; };
		CC8C7EB918E6F38100E76AE8 /* MASLayoutConstraint.m */ = {isa = PBXFileReference; fileEncoding = 4; lastKnownFileType = sourcecode.c.objc; path = MASLayoutConstraint.m; sourceTree = "<group>"; };
		CC8C7EBA18E6F38100E76AE8 /* Masonry.h */ = {isa = PBXFileReference; fileEncoding = 4; lastKnownFileType = sourcecode.c.h; path = Masonry.h; sourceTree = "<group>"; };
		CC8C7EBB18E6F38100E76AE8 /* MASUtilities.h */ = {isa = PBXFileReference; fileEncoding = 4; lastKnownFileType = sourcecode.c.h; path = MASUtilities.h; sourceTree = "<group>"; };
		CC8C7EBC18E6F38100E76AE8 /* MASViewAttribute.h */ = {isa = PBXFileReference; fileEncoding = 4; lastKnownFileType = sourcecode.c.h; path = MASViewAttribute.h; sourceTree = "<group>"; };
		CC8C7EBD18E6F38100E76AE8 /* MASViewAttribute.m */ = {isa = PBXFileReference; fileEncoding = 4; lastKnownFileType = sourcecode.c.objc; path = MASViewAttribute.m; sourceTree = "<group>"; };
		CC8C7EBE18E6F38100E76AE8 /* MASViewConstraint.h */ = {isa = PBXFileReference; fileEncoding = 4; lastKnownFileType = sourcecode.c.h; path = MASViewConstraint.h; sourceTree = "<group>"; };
		CC8C7EBF18E6F38100E76AE8 /* MASViewConstraint.m */ = {isa = PBXFileReference; fileEncoding = 4; lastKnownFileType = sourcecode.c.objc; path = MASViewConstraint.m; sourceTree = "<group>"; };
		CC8C7EC018E6F38100E76AE8 /* NSArray+MASAdditions.h */ = {isa = PBXFileReference; fileEncoding = 4; lastKnownFileType = sourcecode.c.h; path = "NSArray+MASAdditions.h"; sourceTree = "<group>"; };
		CC8C7EC118E6F38100E76AE8 /* NSArray+MASAdditions.m */ = {isa = PBXFileReference; fileEncoding = 4; lastKnownFileType = sourcecode.c.objc; path = "NSArray+MASAdditions.m"; sourceTree = "<group>"; };
		CC8C7EC218E6F38100E76AE8 /* NSArray+MASShorthandAdditions.h */ = {isa = PBXFileReference; fileEncoding = 4; lastKnownFileType = sourcecode.c.h; path = "NSArray+MASShorthandAdditions.h"; sourceTree = "<group>"; };
		CC8C7EC318E6F38100E76AE8 /* NSLayoutConstraint+MASDebugAdditions.h */ = {isa = PBXFileReference; fileEncoding = 4; lastKnownFileType = sourcecode.c.h; path = "NSLayoutConstraint+MASDebugAdditions.h"; sourceTree = "<group>"; };
		CC8C7EC418E6F38100E76AE8 /* NSLayoutConstraint+MASDebugAdditions.m */ = {isa = PBXFileReference; fileEncoding = 4; lastKnownFileType = sourcecode.c.objc; path = "NSLayoutConstraint+MASDebugAdditions.m"; sourceTree = "<group>"; };
		CC8C7EC518E6F38100E76AE8 /* View+MASAdditions.h */ = {isa = PBXFileReference; fileEncoding = 4; lastKnownFileType = sourcecode.c.h; path = "View+MASAdditions.h"; sourceTree = "<group>"; };
		CC8C7EC618E6F38100E76AE8 /* View+MASAdditions.m */ = {isa = PBXFileReference; fileEncoding = 4; lastKnownFileType = sourcecode.c.objc; path = "View+MASAdditions.m"; sourceTree = "<group>"; };
		CC8C7EC718E6F38100E76AE8 /* View+MASShorthandAdditions.h */ = {isa = PBXFileReference; fileEncoding = 4; lastKnownFileType = sourcecode.c.h; path = "View+MASShorthandAdditions.h"; sourceTree = "<group>"; };
		CCC9E40D193D5CC20028DC84 /* EmailServersService.h */ = {isa = PBXFileReference; fileEncoding = 4; lastKnownFileType = sourcecode.c.h; name = EmailServersService.h; path = services/EmailServersService.h; sourceTree = "<group>"; };
		CCC9E40E193D5CC20028DC84 /* EmailServersService.m */ = {isa = PBXFileReference; fileEncoding = 4; lastKnownFileType = sourcecode.c.objc; name = EmailServersService.m; path = services/EmailServersService.m; sourceTree = "<group>"; };
		CCC9E414193D5CDF0028DC84 /* EmailServerModel.h */ = {isa = PBXFileReference; fileEncoding = 4; lastKnownFileType = sourcecode.c.h; name = EmailServerModel.h; path = models/EmailServerModel.h; sourceTree = "<group>"; };
		CCC9E415193D5CDF0028DC84 /* EmailServerModel.m */ = {isa = PBXFileReference; fileEncoding = 4; lastKnownFileType = sourcecode.c.objc; name = EmailServerModel.m; path = models/EmailServerModel.m; sourceTree = "<group>"; };
		CCC9E41A193DF5E80028DC84 /* FunnelService.h */ = {isa = PBXFileReference; fileEncoding = 4; lastKnownFileType = sourcecode.c.h; path = FunnelService.h; sourceTree = "<group>"; };
		CCC9E41B193DF5E80028DC84 /* FunnelService.m */ = {isa = PBXFileReference; fileEncoding = 4; lastKnownFileType = sourcecode.c.objc; path = FunnelService.m; sourceTree = "<group>"; };
		CCC9E41D193DF91D0028DC84 /* MessageModel.h */ = {isa = PBXFileReference; fileEncoding = 4; lastKnownFileType = sourcecode.c.h; name = MessageModel.h; path = models/MessageModel.h; sourceTree = "<group>"; };
		CCC9E41E193DF91D0028DC84 /* MessageModel.m */ = {isa = PBXFileReference; fileEncoding = 4; lastKnownFileType = sourcecode.c.objc; name = MessageModel.m; path = models/MessageModel.m; sourceTree = "<group>"; };
		CCC9E420193DF9B10028DC84 /* MessageService.h */ = {isa = PBXFileReference; fileEncoding = 4; lastKnownFileType = sourcecode.c.h; name = MessageService.h; path = services/MessageService.h; sourceTree = "<group>"; };
		CCC9E421193DF9B10028DC84 /* MessageService.m */ = {isa = PBXFileReference; fileEncoding = 4; lastKnownFileType = sourcecode.c.objc; name = MessageService.m; path = services/MessageService.m; sourceTree = "<group>"; };
		CCC9E423193E414F0028DC84 /* ServiceUtils.h */ = {isa = PBXFileReference; fileEncoding = 4; lastKnownFileType = sourcecode.c.h; name = ServiceUtils.h; path = services/ServiceUtils.h; sourceTree = "<group>"; };
		CCC9E424193E414F0028DC84 /* ServiceUtils.m */ = {isa = PBXFileReference; fileEncoding = 4; lastKnownFileType = sourcecode.c.objc; name = ServiceUtils.m; path = services/ServiceUtils.m; sourceTree = "<group>"; };
		CCC9E426193E47980028DC84 /* ServiceTests.h */ = {isa = PBXFileReference; fileEncoding = 4; lastKnownFileType = sourcecode.c.h; name = ServiceTests.h; path = services/ServiceTests.h; sourceTree = "<group>"; };
		CCC9E427193E47980028DC84 /* ServiceTests.m */ = {isa = PBXFileReference; fileEncoding = 4; lastKnownFileType = sourcecode.c.objc; name = ServiceTests.m; path = services/ServiceTests.m; sourceTree = "<group>"; };
		CCC9E429193E8D180028DC84 /* MessageFilterXRefService.h */ = {isa = PBXFileReference; fileEncoding = 4; lastKnownFileType = sourcecode.c.h; name = MessageFilterXRefService.h; path = services/MessageFilterXRefService.h; sourceTree = "<group>"; };
		CCC9E42A193E8D180028DC84 /* MessageFilterXRefService.m */ = {isa = PBXFileReference; fileEncoding = 4; lastKnownFileType = sourcecode.c.objc; name = MessageFilterXRefService.m; path = services/MessageFilterXRefService.m; sourceTree = "<group>"; };
		CCD00B5918F54797007A675F /* MainView.h */ = {isa = PBXFileReference; fileEncoding = 4; lastKnownFileType = sourcecode.c.h; name = MainView.h; path = views/MainView.h; sourceTree = "<group>"; };
		CCD00B5A18F54797007A675F /* MainView.m */ = {isa = PBXFileReference; fileEncoding = 4; lastKnownFileType = sourcecode.c.objc; name = MainView.m; path = views/MainView.m; sourceTree = "<group>"; };
		FA1AEB6B19346BE300E93907 /* add.png */ = {isa = PBXFileReference; lastKnownFileType = image.png; path = add.png; sourceTree = "<group>"; };
		FA2C9BA9193DEF5200866BEE /* MCSwipeTableViewCell.h */ = {isa = PBXFileReference; fileEncoding = 4; lastKnownFileType = sourcecode.c.h; path = MCSwipeTableViewCell.h; sourceTree = "<group>"; };
		FA2C9BAA193DEF5200866BEE /* MCSwipeTableViewCell.m */ = {isa = PBXFileReference; fileEncoding = 4; lastKnownFileType = sourcecode.c.objc; path = MCSwipeTableViewCell.m; sourceTree = "<group>"; };
		FA2C9BB0193DF57700866BEE /* cross.png */ = {isa = PBXFileReference; lastKnownFileType = image.png; path = cross.png; sourceTree = "<group>"; };
		FA2C9BB1193DF57700866BEE /* cross@2x.png */ = {isa = PBXFileReference; lastKnownFileType = image.png; path = "cross@2x.png"; sourceTree = "<group>"; };
		FA2C9BB4193DF5CE00866BEE /* archive.png */ = {isa = PBXFileReference; lastKnownFileType = image.png; path = archive.png; sourceTree = "<group>"; };
		FA2C9BB5193DF5CE00866BEE /* archive@2x.png */ = {isa = PBXFileReference; lastKnownFileType = image.png; path = "archive@2x.png"; sourceTree = "<group>"; };
		FA2C9BC8193EDFCB00866BEE /* MMDrawerBarButtonItem.h */ = {isa = PBXFileReference; fileEncoding = 4; lastKnownFileType = sourcecode.c.h; path = MMDrawerBarButtonItem.h; sourceTree = "<group>"; };
		FA2C9BC9193EDFCB00866BEE /* MMDrawerBarButtonItem.m */ = {isa = PBXFileReference; fileEncoding = 4; lastKnownFileType = sourcecode.c.objc; path = MMDrawerBarButtonItem.m; sourceTree = "<group>"; };
		FA2C9BCA193EDFCB00866BEE /* MMDrawerController+Subclass.h */ = {isa = PBXFileReference; fileEncoding = 4; lastKnownFileType = sourcecode.c.h; path = "MMDrawerController+Subclass.h"; sourceTree = "<group>"; };
		FA2C9BCB193EDFCB00866BEE /* MMDrawerController.h */ = {isa = PBXFileReference; fileEncoding = 4; lastKnownFileType = sourcecode.c.h; path = MMDrawerController.h; sourceTree = "<group>"; };
		FA2C9BCC193EDFCB00866BEE /* MMDrawerController.m */ = {isa = PBXFileReference; fileEncoding = 4; lastKnownFileType = sourcecode.c.objc; path = MMDrawerController.m; sourceTree = "<group>"; };
		FA2C9BCD193EDFCB00866BEE /* MMDrawerVisualState.h */ = {isa = PBXFileReference; fileEncoding = 4; lastKnownFileType = sourcecode.c.h; path = MMDrawerVisualState.h; sourceTree = "<group>"; };
		FA2C9BCE193EDFCB00866BEE /* MMDrawerVisualState.m */ = {isa = PBXFileReference; fileEncoding = 4; lastKnownFileType = sourcecode.c.objc; path = MMDrawerVisualState.m; sourceTree = "<group>"; };
		FA2C9BCF193EDFCB00866BEE /* UIViewController+MMDrawerController.h */ = {isa = PBXFileReference; fileEncoding = 4; lastKnownFileType = sourcecode.c.h; path = "UIViewController+MMDrawerController.h"; sourceTree = "<group>"; };
		FA2C9BD0193EDFCB00866BEE /* UIViewController+MMDrawerController.m */ = {isa = PBXFileReference; fileEncoding = 4; lastKnownFileType = sourcecode.c.objc; path = "UIViewController+MMDrawerController.m"; sourceTree = "<group>"; };
		FA2C9BD9193EE66400866BEE /* MenuViewController.h */ = {isa = PBXFileReference; fileEncoding = 4; lastKnownFileType = sourcecode.c.h; path = MenuViewController.h; sourceTree = "<group>"; };
		FA2C9BDA193EE66400866BEE /* MenuViewController.m */ = {isa = PBXFileReference; fileEncoding = 4; lastKnownFileType = sourcecode.c.objc; path = MenuViewController.m; sourceTree = "<group>"; };
		FA2C9BDD193EF92400866BEE /* Base */ = {isa = PBXFileReference; lastKnownFileType = file.storyboard; name = Base; path = Base.lproj/Main.storyboard; sourceTree = "<group>"; };
		FA2F433D193318BE00C1F119 /* CreateFunnlViewController.h */ = {isa = PBXFileReference; fileEncoding = 4; lastKnownFileType = sourcecode.c.h; name = CreateFunnlViewController.h; path = viewcontrollers/CreateFunnlViewController.h; sourceTree = "<group>"; };
		FA2F433E193318BE00C1F119 /* CreateFunnlViewController.m */ = {isa = PBXFileReference; fileEncoding = 4; lastKnownFileType = sourcecode.c.objc; name = CreateFunnlViewController.m; path = viewcontrollers/CreateFunnlViewController.m; sourceTree = "<group>"; };
		FA5627D31935C92600238F40 /* settings@2x.png */ = {isa = PBXFileReference; lastKnownFileType = image.png; path = "settings@2x.png"; sourceTree = "<group>"; };
		FA5627D41935C92600238F40 /* settings.png */ = {isa = PBXFileReference; lastKnownFileType = image.png; path = settings.png; sourceTree = "<group>"; };
		FA5627D51935C92600238F40 /* notification@2x.png */ = {isa = PBXFileReference; lastKnownFileType = image.png; path = "notification@2x.png"; sourceTree = "<group>"; };
		FA5627D61935C92600238F40 /* notification.png */ = {isa = PBXFileReference; lastKnownFileType = image.png; path = notification.png; sourceTree = "<group>"; };
		FA5627DF1935E57700238F40 /* close.png */ = {isa = PBXFileReference; lastKnownFileType = image.png; path = close.png; sourceTree = "<group>"; };
		FA5627E01935E57700238F40 /* close@2x.png */ = {isa = PBXFileReference; lastKnownFileType = image.png; path = "close@2x.png"; sourceTree = "<group>"; };
		FA5627E41936136600238F40 /* MBProgressHUD.h */ = {isa = PBXFileReference; fileEncoding = 4; lastKnownFileType = sourcecode.c.h; path = MBProgressHUD.h; sourceTree = "<group>"; };
		FA5627E51936136600238F40 /* MBProgressHUD.m */ = {isa = PBXFileReference; fileEncoding = 4; lastKnownFileType = sourcecode.c.objc; path = MBProgressHUD.m; sourceTree = "<group>"; };
		FA5627F9193C5F5200238F40 /* QuartzCore.framework */ = {isa = PBXFileReference; lastKnownFileType = wrapper.framework; name = QuartzCore.framework; path = System/Library/Frameworks/QuartzCore.framework; sourceTree = SDKROOT; };
		FA7A445A193F2FE300ABCB29 /* MenuCell.h */ = {isa = PBXFileReference; fileEncoding = 4; lastKnownFileType = sourcecode.c.h; path = MenuCell.h; sourceTree = "<group>"; };
		FA7A445B193F2FE300ABCB29 /* MenuCell.m */ = {isa = PBXFileReference; fileEncoding = 4; lastKnownFileType = sourcecode.c.objc; path = MenuCell.m; sourceTree = "<group>"; };
		FA8A4AD8193D902B004890E3 /* NSDate+TimeAgo.h */ = {isa = PBXFileReference; fileEncoding = 4; lastKnownFileType = sourcecode.c.h; path = "NSDate+TimeAgo.h"; sourceTree = "<group>"; };
		FA8A4AD9193D902B004890E3 /* NSDate+TimeAgo.m */ = {isa = PBXFileReference; fileEncoding = 4; lastKnownFileType = sourcecode.c.objc; path = "NSDate+TimeAgo.m"; sourceTree = "<group>"; };
		FA8A4ADA193D902B004890E3 /* NSDateTimeAgo.bundle */ = {isa = PBXFileReference; lastKnownFileType = "wrapper.plug-in"; path = NSDateTimeAgo.bundle; sourceTree = "<group>"; };
		FA8DDA531933A6420049F83F /* TextFieldCell.h */ = {isa = PBXFileReference; fileEncoding = 4; lastKnownFileType = sourcecode.c.h; path = TextFieldCell.h; sourceTree = "<group>"; };
		FA8DDA541933A6420049F83F /* TextFieldCell.m */ = {isa = PBXFileReference; fileEncoding = 4; lastKnownFileType = sourcecode.c.objc; path = TextFieldCell.m; sourceTree = "<group>"; };
/* End PBXFileReference section */

/* Begin PBXFrameworksBuildPhase section */
		66F2C46318E3293E00CD593E /* Frameworks */ = {
			isa = PBXFrameworksBuildPhase;
			buildActionMask = 2147483647;
			files = (
				B751C88F1940FDFF0051DF0B /* MessageUI.framework in Frameworks */,
				FA5627FA193C5F5200238F40 /* QuartzCore.framework in Frameworks */,
				CC4263B61934B68600F3C5EB /* libsqlite3.dylib in Frameworks */,
				6677882518F0ADBB00EF1962 /* SystemConfiguration.framework in Frameworks */,
				6677881C18F0797800EF1962 /* ImageIO.framework in Frameworks */,
				667787FC18EF6E9900EF1962 /* Security.framework in Frameworks */,
				667787FA18EF6E9400EF1962 /* CFNetwork.framework in Frameworks */,
				667787F818EF6E4500EF1962 /* libMailCore-ios.a in Frameworks */,
				66F2C46C18E3293E00CD593E /* CoreGraphics.framework in Frameworks */,
				66F2C46E18E3293E00CD593E /* UIKit.framework in Frameworks */,
				66F2C46A18E3293E00CD593E /* Foundation.framework in Frameworks */,
			);
			runOnlyForDeploymentPostprocessing = 0;
		};
		66F2C48418E3293E00CD593E /* Frameworks */ = {
			isa = PBXFrameworksBuildPhase;
			buildActionMask = 2147483647;
			files = (
				66F2C48918E3293F00CD593E /* XCTest.framework in Frameworks */,
				66F2C48B18E3293F00CD593E /* UIKit.framework in Frameworks */,
				66F2C48A18E3293F00CD593E /* Foundation.framework in Frameworks */,
			);
			runOnlyForDeploymentPostprocessing = 0;
		};
/* End PBXFrameworksBuildPhase section */

/* Begin PBXGroup section */
		6620BA8918E3439000769C48 /* Resources */ = {
			isa = PBXGroup;
			children = (
				6620BAA518E3999A00769C48 /* Images */,
			);
			name = Resources;
			sourceTree = "<group>";
		};
		6620BA8A18E3439800769C48 /* Icons */ = {
			isa = PBXGroup;
			children = (
				FA2C9BB4193DF5CE00866BEE /* archive.png */,
				FA2C9BB5193DF5CE00866BEE /* archive@2x.png */,
				FA2C9BB0193DF57700866BEE /* cross.png */,
				FA2C9BB1193DF57700866BEE /* cross@2x.png */,
				FA5627DF1935E57700238F40 /* close.png */,
				FA5627E01935E57700238F40 /* close@2x.png */,
				FA5627D31935C92600238F40 /* settings@2x.png */,
				FA5627D41935C92600238F40 /* settings.png */,
				FA5627D51935C92600238F40 /* notification@2x.png */,
				FA5627D61935C92600238F40 /* notification.png */,
				FA1AEB6B19346BE300E93907 /* add.png */,
				6620BA9918E38BE500769C48 /* Compose.png */,
				6620BA9A18E38BE500769C48 /* Funnl.png */,
				6620BA9B18E38BE500769C48 /* Mail.png */,
				6620BA9718E348EA00769C48 /* Menu.png */,
			);
			name = Icons;
			sourceTree = "<group>";
		};
		6620BA8B18E343A100769C48 /* Funnls */ = {
			isa = PBXGroup;
			children = (
				6620BA8C18E343FA00769C48 /* Forums.png */,
				6620BA8D18E343FA00769C48 /* News.png */,
				6620BA8E18E343FA00769C48 /* Plus Sign.png */,
				6620BA8F18E343FA00769C48 /* Shopping.png */,
				6620BA9018E343FA00769C48 /* Social.png */,
				6620BA7C18E32FD700769C48 /* Files.png */,
				6620BA7D18E32FD700769C48 /* Meetings.png */,
				6620BA7E18E32FD700769C48 /* Payments.png */,
				6620BA7F18E32FD700769C48 /* Travel.png */,
			);
			name = Funnls;
			sourceTree = "<group>";
		};
		6620BA9618E348A800769C48 /* Emails */ = {
			isa = PBXGroup;
			children = (
				6620BAA618E399C700769C48 /* Email 1.png */,
				6620BAA718E399C700769C48 /* Email 2.png */,
				6620BAA818E399C700769C48 /* Email 3.png */,
				6620BAA918E399C700769C48 /* Email 4.png */,
				6620BAAA18E399C700769C48 /* Email 5.png */,
			);
			name = Emails;
			sourceTree = "<group>";
		};
		6620BAA518E3999A00769C48 /* Images */ = {
			isa = PBXGroup;
			children = (
				66AEEBB21937091F00B6DBE5 /* Login */,
				6620BA8B18E343A100769C48 /* Funnls */,
				6620BA8A18E3439800769C48 /* Icons */,
				6620BA9618E348A800769C48 /* Emails */,
			);
			name = Images;
			sourceTree = "<group>";
		};
		667787E518EF6D9700EF1962 /* Products */ = {
			isa = PBXGroup;
			children = (
				667787ED18EF6D9800EF1962 /* libMailCore.a */,
				667787EF18EF6D9800EF1962 /* libMailCore-ios.a */,
				667787F118EF6D9800EF1962 /* tests */,
				667787F318EF6D9800EF1962 /* test-ios.app */,
				667787F518EF6D9800EF1962 /* MailCore.framework */,
			);
			name = Products;
			sourceTree = "<group>";
		};
		6677882818F1F3C900EF1962 /* MailCore */ = {
			isa = PBXGroup;
			children = (
				6677881818EF84FB00EF1962 /* MCOCIDURLProtocol.h */,
				6677881918EF84FB00EF1962 /* MCOCIDURLProtocol.mm */,
				6677881518EF83F800EF1962 /* MCOMessageView.h */,
				6677881618EF83F800EF1962 /* MCOMessageView.mm */,
			);
			name = MailCore;
			sourceTree = "<group>";
		};
		66AEEB9D1936B1DB00B6DBE5 /* gtm-oauth2 */ = {
			isa = PBXGroup;
			children = (
				66AEEBAD1936B5D100B6DBE5 /* GTMHTTPFetcher.h */,
				66AEEBAE1936B5D100B6DBE5 /* GTMHTTPFetcher.m */,
				66AEEBA81936B26B00B6DBE5 /* GTMOAuth2ViewControllerTouch.h */,
				66AEEBA91936B26B00B6DBE5 /* GTMOAuth2ViewControllerTouch.m */,
				66AEEBAA1936B26B00B6DBE5 /* GTMOAuth2ViewTouch.xib */,
				66AEEBA51936B24900B6DBE5 /* GTMOAuth2SignIn.h */,
				66AEEBA61936B24900B6DBE5 /* GTMOAuth2SignIn.m */,
				66AEEBA21936B1FC00B6DBE5 /* GTMOAuth2Authentication.h */,
				66AEEBA31936B1FC00B6DBE5 /* GTMOAuth2Authentication.m */,
			);
			name = "gtm-oauth2";
			sourceTree = "<group>";
		};
		66AEEBB21937091F00B6DBE5 /* Login */ = {
			isa = PBXGroup;
			children = (
				66AEEBBD193719AF00B6DBE5 /* login.png */,
				66AEEBBB19370EAB00B6DBE5 /* intro.png */,
			);
			name = Login;
			sourceTree = "<group>";
		};
		66E6697A1904432B003F9305 /* KeychainItemWrapper */ = {
			isa = PBXGroup;
			children = (
				66E669731904431E003F9305 /* KeychainItemWrapper.h */,
				66E669741904431E003F9305 /* KeychainItemWrapper.m */,
			);
			name = KeychainItemWrapper;
			sourceTree = "<group>";
		};
		66F2C45D18E3293E00CD593E = {
			isa = PBXGroup;
			children = (
				66F2C46F18E3293E00CD593E /* FunnlMail */,
				6620BA8918E3439000769C48 /* Resources */,
				66F2C48E18E3293F00CD593E /* FunnlMailTests */,
				66F2C46818E3293E00CD593E /* Frameworks */,
				66F2C46718E3293E00CD593E /* Products */,
			);
			sourceTree = "<group>";
		};
		66F2C46718E3293E00CD593E /* Products */ = {
			isa = PBXGroup;
			children = (
				66F2C46618E3293E00CD593E /* FunnlMail.app */,
				66F2C48718E3293F00CD593E /* FunnlMailTests.xctest */,
			);
			name = Products;
			sourceTree = "<group>";
		};
		66F2C46818E3293E00CD593E /* Frameworks */ = {
			isa = PBXGroup;
			children = (
				B751C88E1940FDFF0051DF0B /* MessageUI.framework */,
				FA5627F9193C5F5200238F40 /* QuartzCore.framework */,
				CC4263B51934B68600F3C5EB /* libsqlite3.dylib */,
				6677882418F0ADBB00EF1962 /* SystemConfiguration.framework */,
				6677881B18F0797800EF1962 /* ImageIO.framework */,
				667787FB18EF6E9900EF1962 /* Security.framework */,
				667787F918EF6E9400EF1962 /* CFNetwork.framework */,
				66F2C46918E3293E00CD593E /* Foundation.framework */,
				66F2C46B18E3293E00CD593E /* CoreGraphics.framework */,
				66F2C46D18E3293E00CD593E /* UIKit.framework */,
				66F2C48818E3293F00CD593E /* XCTest.framework */,
			);
			name = Frameworks;
			sourceTree = "<group>";
		};
		66F2C46F18E3293E00CD593E /* FunnlMail */ = {
			isa = PBXGroup;
			children = (
				667787E418EF6D9700EF1962 /* mailcore2.xcodeproj */,
				6677882618F0AEED00EF1962 /* main.mm */,
				CC7F72F518E838C7008962C3 /* services */,
				CCC377AA18E83216004F7FC0 /* categories */,
				CC4263B71934BAC300F3C5EB /* database */,
				CC39517318E710CC0093C787 /* models */,
				CC8C7EB018E6F34D00E76AE8 /* external */,
				CC8C7EAA18E6EF8600E76AE8 /* viewcontrollers */,
				CCE45D8B18F5418C00C2BC64 /* views */,
				CC8C7EAF18E6F1F400E76AE8 /* collectionviewcells */,
				CC8C7EAE18E6F1DE00E76AE8 /* tablecells */,
				66F2C47818E3293E00CD593E /* AppDelegate.h */,
				66F2C47918E3293E00CD593E /* AppDelegate.m */,
				FA2C9BDC193EF92400866BEE /* Main.storyboard */,
				66F2C48118E3293E00CD593E /* Images.xcassets */,
				66F2C47018E3293E00CD593E /* Supporting Files */,
			);
			path = FunnlMail;
			sourceTree = "<group>";
		};
		66F2C47018E3293E00CD593E /* Supporting Files */ = {
			isa = PBXGroup;
			children = (
				66F2C47118E3293E00CD593E /* FunnlMail-Info.plist */,
				66F2C47218E3293E00CD593E /* InfoPlist.strings */,
				66F2C47718E3293E00CD593E /* FunnlMail-Prefix.pch */,
				CC4263BB1934BB6700F3C5EB /* dbschema.sql */,
			);
			name = "Supporting Files";
			sourceTree = "<group>";
		};
		66F2C48E18E3293F00CD593E /* FunnlMailTests */ = {
			isa = PBXGroup;
			children = (
				66F2C49418E3293F00CD593E /* FunnlMailTests.m */,
				66F2C48F18E3293F00CD593E /* Supporting Files */,
			);
			path = FunnlMailTests;
			sourceTree = "<group>";
		};
		66F2C48F18E3293F00CD593E /* Supporting Files */ = {
			isa = PBXGroup;
			children = (
				66F2C49018E3293F00CD593E /* FunnlMailTests-Info.plist */,
				66F2C49118E3293F00CD593E /* InfoPlist.strings */,
			);
			name = "Supporting Files";
			sourceTree = "<group>";
		};
		CC39517318E710CC0093C787 /* models */ = {
			isa = PBXGroup;
			children = (
				5A1FF53B1948263B0056750F /* FunnelModel.h */,
				5A1FF53C1948263B0056750F /* FunnelModel.m */,
				CCC9E414193D5CDF0028DC84 /* EmailServerModel.h */,
				CCC9E415193D5CDF0028DC84 /* EmailServerModel.m */,
				CCC9E41D193DF91D0028DC84 /* MessageModel.h */,
				CCC9E41E193DF91D0028DC84 /* MessageModel.m */,
			);
			name = models;
			sourceTree = "<group>";
		};
		CC4263A01934B66900F3C5EB /* FMDatabase */ = {
			isa = PBXGroup;
			children = (
				CC4263A51934B67A00F3C5EB /* FMDatabase.h */,
				CC4263A61934B67A00F3C5EB /* FMDatabase.m */,
				CC4263A71934B67A00F3C5EB /* FMDatabaseAdditions.h */,
				CC4263A81934B67A00F3C5EB /* FMDatabaseAdditions.m */,
				CC4263A91934B67A00F3C5EB /* FMDatabasePool.h */,
				CC4263AA1934B67A00F3C5EB /* FMDatabasePool.m */,
				CC4263AB1934B67A00F3C5EB /* FMDatabaseQueue.h */,
				CC4263AC1934B67A00F3C5EB /* FMDatabaseQueue.m */,
				CC4263AD1934B67A00F3C5EB /* FMDB.h */,
				CC4263AE1934B67A00F3C5EB /* FMResultSet.h */,
				CC4263AF1934B67A00F3C5EB /* FMResultSet.m */,
			);
			name = FMDatabase;
			sourceTree = "<group>";
		};
		CC4263B71934BAC300F3C5EB /* database */ = {
			isa = PBXGroup;
			children = (
				CC4263B81934BB2000F3C5EB /* SQLiteDatabase.h */,
				CC4263B91934BB2000F3C5EB /* SQLiteDatabase.m */,
			);
			name = database;
			sourceTree = "<group>";
		};
		CC7F72F518E838C7008962C3 /* services */ = {
			isa = PBXGroup;
			children = (
				CC7F72F718E83925008962C3 /* EmailService.h */,
				CC7F72F618E83925008962C3 /* EmailService.m */,
				CCC9E40D193D5CC20028DC84 /* EmailServersService.h */,
				CCC9E40E193D5CC20028DC84 /* EmailServersService.m */,
				CCC9E41A193DF5E80028DC84 /* FunnelService.h */,
				CCC9E41B193DF5E80028DC84 /* FunnelService.m */,
				CCC9E420193DF9B10028DC84 /* MessageService.h */,
				CCC9E421193DF9B10028DC84 /* MessageService.m */,
				CCC9E423193E414F0028DC84 /* ServiceUtils.h */,
				CCC9E424193E414F0028DC84 /* ServiceUtils.m */,
				CCC9E429193E8D180028DC84 /* MessageFilterXRefService.h */,
				CCC9E42A193E8D180028DC84 /* MessageFilterXRefService.m */,
				CCC9E426193E47980028DC84 /* ServiceTests.h */,
				CCC9E427193E47980028DC84 /* ServiceTests.m */,
			);
			name = services;
			sourceTree = "<group>";
		};
		CC8C7EAA18E6EF8600E76AE8 /* viewcontrollers */ = {
			isa = PBXGroup;
			children = (
				66AEEB7F1933002D00B6DBE5 /* EmailsTableViewController.h */,
				66AEEB801933002D00B6DBE5 /* EmailsTableViewController.m */,
				CC8C7EAB18E6F1C100E76AE8 /* MainVC.h */,
				CC8C7EAC18E6F1C100E76AE8 /* MainVC.m */,
				B751C88B1940FD620051DF0B /* SendEmailViewController.h */,
				B751C88C1940FD620051DF0B /* SendEmailViewController.m */,
				660BA98C1902CDEA00CDF86E /* LoginViewController.h */,
				660BA98D1902CDEA00CDF86E /* LoginViewController.m */,
				CC1AD1DC18F54BE9000E356C /* MainVCDelegate.h */,
				667787FF18EF768B00EF1962 /* MsgViewController.h */,
				6677880018EF768B00EF1962 /* MsgViewController.mm */,
				FA2F433D193318BE00C1F119 /* CreateFunnlViewController.h */,
				FA2F433E193318BE00C1F119 /* CreateFunnlViewController.m */,
				FA2C9BD9193EE66400866BEE /* MenuViewController.h */,
				FA2C9BDA193EE66400866BEE /* MenuViewController.m */,
			);
			name = viewcontrollers;
			sourceTree = "<group>";
		};
		CC8C7EAE18E6F1DE00E76AE8 /* tablecells */ = {
			isa = PBXGroup;
			children = (
				FA7A445A193F2FE300ABCB29 /* MenuCell.h */,
				FA7A445B193F2FE300ABCB29 /* MenuCell.m */,
				CC7F72F218E837C9008962C3 /* FilterViewCell.h */,
				CC7F72F318E837C9008962C3 /* FilterViewCell.m */,
				6677880A18EF80BF00EF1962 /* EmailCell.h */,
				6677880B18EF80BF00EF1962 /* EmailCell.m */,
				FA8DDA531933A6420049F83F /* TextFieldCell.h */,
				FA8DDA541933A6420049F83F /* TextFieldCell.m */,
			);
			name = tablecells;
			sourceTree = "<group>";
		};
		CC8C7EAF18E6F1F400E76AE8 /* collectionviewcells */ = {
			isa = PBXGroup;
			children = (
				CC39517018E6F9700093C787 /* MainFilterCell.h */,
				CC39517118E6F9700093C787 /* MainFilterCell.m */,
			);
			name = collectionviewcells;
			sourceTree = "<group>";
		};
		CC8C7EB018E6F34D00E76AE8 /* external */ = {
			isa = PBXGroup;
			children = (
				FA2C9BC7193EDFCB00866BEE /* MMDrawerController */,
				FA2C9BA8193DEF5200866BEE /* MCSwipeTableViewCell */,
				FA8A4AD7193D902B004890E3 /* NSDate+TimeAgo */,
				FA5627E41936136600238F40 /* MBProgressHUD.h */,
				FA5627E51936136600238F40 /* MBProgressHUD.m */,
				66AEEB9D1936B1DB00B6DBE5 /* gtm-oauth2 */,
				CC4263A01934B66900F3C5EB /* FMDatabase */,
				66E6697A1904432B003F9305 /* KeychainItemWrapper */,
				6677882818F1F3C900EF1962 /* MailCore */,
				CC8C7EB118E6F35400E76AE8 /* Masonry */,
			);
			name = external;
			sourceTree = "<group>";
		};
		CC8C7EB118E6F35400E76AE8 /* Masonry */ = {
			isa = PBXGroup;
			children = (
				CC8C7EB218E6F38100E76AE8 /* MASCompositeConstraint.h */,
				CC8C7EB318E6F38100E76AE8 /* MASCompositeConstraint.m */,
				CC8C7EB418E6F38100E76AE8 /* MASConstraint.h */,
				CC8C7EB518E6F38100E76AE8 /* MASConstraint.m */,
				CC8C7EB618E6F38100E76AE8 /* MASConstraintMaker.h */,
				CC8C7EB718E6F38100E76AE8 /* MASConstraintMaker.m */,
				CC8C7EB818E6F38100E76AE8 /* MASLayoutConstraint.h */,
				CC8C7EB918E6F38100E76AE8 /* MASLayoutConstraint.m */,
				CC8C7EBA18E6F38100E76AE8 /* Masonry.h */,
				CC8C7EBB18E6F38100E76AE8 /* MASUtilities.h */,
				CC8C7EBC18E6F38100E76AE8 /* MASViewAttribute.h */,
				CC8C7EBD18E6F38100E76AE8 /* MASViewAttribute.m */,
				CC8C7EBE18E6F38100E76AE8 /* MASViewConstraint.h */,
				CC8C7EBF18E6F38100E76AE8 /* MASViewConstraint.m */,
				CC8C7EC018E6F38100E76AE8 /* NSArray+MASAdditions.h */,
				CC8C7EC118E6F38100E76AE8 /* NSArray+MASAdditions.m */,
				CC8C7EC218E6F38100E76AE8 /* NSArray+MASShorthandAdditions.h */,
				CC8C7EC318E6F38100E76AE8 /* NSLayoutConstraint+MASDebugAdditions.h */,
				CC8C7EC418E6F38100E76AE8 /* NSLayoutConstraint+MASDebugAdditions.m */,
				CC8C7EC518E6F38100E76AE8 /* View+MASAdditions.h */,
				CC8C7EC618E6F38100E76AE8 /* View+MASAdditions.m */,
				CC8C7EC718E6F38100E76AE8 /* View+MASShorthandAdditions.h */,
			);
			name = Masonry;
			sourceTree = "<group>";
		};
		CCC377AA18E83216004F7FC0 /* categories */ = {
			isa = PBXGroup;
			children = (
				CC8A455A18E832B8009FDBDB /* UIColor+HexString.h */,
				CC8A455B18E832B8009FDBDB /* UIColor+HexString.m */,
			);
			name = categories;
			sourceTree = "<group>";
		};
		CCE45D8B18F5418C00C2BC64 /* views */ = {
			isa = PBXGroup;
			children = (
				CCD00B5918F54797007A675F /* MainView.h */,
				CCD00B5A18F54797007A675F /* MainView.m */,
			);
			name = views;
			sourceTree = "<group>";
		};
		FA2C9BA8193DEF5200866BEE /* MCSwipeTableViewCell */ = {
			isa = PBXGroup;
			children = (
				FA2C9BA9193DEF5200866BEE /* MCSwipeTableViewCell.h */,
				FA2C9BAA193DEF5200866BEE /* MCSwipeTableViewCell.m */,
			);
			path = MCSwipeTableViewCell;
			sourceTree = "<group>";
		};
		FA2C9BC7193EDFCB00866BEE /* MMDrawerController */ = {
			isa = PBXGroup;
			children = (
				FA2C9BC8193EDFCB00866BEE /* MMDrawerBarButtonItem.h */,
				FA2C9BC9193EDFCB00866BEE /* MMDrawerBarButtonItem.m */,
				FA2C9BCA193EDFCB00866BEE /* MMDrawerController+Subclass.h */,
				FA2C9BCB193EDFCB00866BEE /* MMDrawerController.h */,
				FA2C9BCC193EDFCB00866BEE /* MMDrawerController.m */,
				FA2C9BCD193EDFCB00866BEE /* MMDrawerVisualState.h */,
				FA2C9BCE193EDFCB00866BEE /* MMDrawerVisualState.m */,
				FA2C9BCF193EDFCB00866BEE /* UIViewController+MMDrawerController.h */,
				FA2C9BD0193EDFCB00866BEE /* UIViewController+MMDrawerController.m */,
			);
			path = MMDrawerController;
			sourceTree = "<group>";
		};
		FA8A4AD7193D902B004890E3 /* NSDate+TimeAgo */ = {
			isa = PBXGroup;
			children = (
				FA8A4AD8193D902B004890E3 /* NSDate+TimeAgo.h */,
				FA8A4AD9193D902B004890E3 /* NSDate+TimeAgo.m */,
				FA8A4ADA193D902B004890E3 /* NSDateTimeAgo.bundle */,
			);
			path = "NSDate+TimeAgo";
			sourceTree = "<group>";
		};
/* End PBXGroup section */

/* Begin PBXNativeTarget section */
		66F2C46518E3293E00CD593E /* FunnlMail */ = {
			isa = PBXNativeTarget;
			buildConfigurationList = 66F2C49818E3293F00CD593E /* Build configuration list for PBXNativeTarget "FunnlMail" */;
			buildPhases = (
				66F2C46218E3293E00CD593E /* Sources */,
				66F2C46318E3293E00CD593E /* Frameworks */,
				66F2C46418E3293E00CD593E /* Resources */,
			);
			buildRules = (
			);
			dependencies = (
				667787F718EF6E0200EF1962 /* PBXTargetDependency */,
			);
			name = FunnlMail;
			productName = FunnlMail;
			productReference = 66F2C46618E3293E00CD593E /* FunnlMail.app */;
			productType = "com.apple.product-type.application";
		};
		66F2C48618E3293E00CD593E /* FunnlMailTests */ = {
			isa = PBXNativeTarget;
			buildConfigurationList = 66F2C49B18E3293F00CD593E /* Build configuration list for PBXNativeTarget "FunnlMailTests" */;
			buildPhases = (
				66F2C48318E3293E00CD593E /* Sources */,
				66F2C48418E3293E00CD593E /* Frameworks */,
				66F2C48518E3293E00CD593E /* Resources */,
			);
			buildRules = (
			);
			dependencies = (
				66F2C48D18E3293F00CD593E /* PBXTargetDependency */,
			);
			name = FunnlMailTests;
			productName = FunnlMailTests;
			productReference = 66F2C48718E3293F00CD593E /* FunnlMailTests.xctest */;
			productType = "com.apple.product-type.bundle.unit-test";
		};
/* End PBXNativeTarget section */

/* Begin PBXProject section */
		66F2C45E18E3293E00CD593E /* Project object */ = {
			isa = PBXProject;
			attributes = {
				LastUpgradeCheck = 0510;
				ORGANIZATIONNAME = FunnlMail;
				TargetAttributes = {
					66F2C46518E3293E00CD593E = {
						DevelopmentTeam = 4724LVRTFE;
					};
					66F2C48618E3293E00CD593E = {
						TestTargetID = 66F2C46518E3293E00CD593E;
					};
				};
			};
			buildConfigurationList = 66F2C46118E3293E00CD593E /* Build configuration list for PBXProject "FunnlMail" */;
			compatibilityVersion = "Xcode 3.2";
			developmentRegion = English;
			hasScannedForEncodings = 0;
			knownRegions = (
				en,
				Base,
			);
			mainGroup = 66F2C45D18E3293E00CD593E;
			productRefGroup = 66F2C46718E3293E00CD593E /* Products */;
			projectDirPath = "";
			projectReferences = (
				{
					ProductGroup = 667787E518EF6D9700EF1962 /* Products */;
					ProjectRef = 667787E418EF6D9700EF1962 /* mailcore2.xcodeproj */;
				},
			);
			projectRoot = "";
			targets = (
				66F2C46518E3293E00CD593E /* FunnlMail */,
				66F2C48618E3293E00CD593E /* FunnlMailTests */,
			);
		};
/* End PBXProject section */

/* Begin PBXReferenceProxy section */
		667787ED18EF6D9800EF1962 /* libMailCore.a */ = {
			isa = PBXReferenceProxy;
			fileType = archive.ar;
			path = libMailCore.a;
			remoteRef = 667787EC18EF6D9800EF1962 /* PBXContainerItemProxy */;
			sourceTree = BUILT_PRODUCTS_DIR;
		};
		667787EF18EF6D9800EF1962 /* libMailCore-ios.a */ = {
			isa = PBXReferenceProxy;
			fileType = archive.ar;
			path = "libMailCore-ios.a";
			remoteRef = 667787EE18EF6D9800EF1962 /* PBXContainerItemProxy */;
			sourceTree = BUILT_PRODUCTS_DIR;
		};
		667787F118EF6D9800EF1962 /* tests */ = {
			isa = PBXReferenceProxy;
			fileType = "compiled.mach-o.executable";
			path = tests;
			remoteRef = 667787F018EF6D9800EF1962 /* PBXContainerItemProxy */;
			sourceTree = BUILT_PRODUCTS_DIR;
		};
		667787F318EF6D9800EF1962 /* test-ios.app */ = {
			isa = PBXReferenceProxy;
			fileType = wrapper.application;
			path = "test-ios.app";
			remoteRef = 667787F218EF6D9800EF1962 /* PBXContainerItemProxy */;
			sourceTree = BUILT_PRODUCTS_DIR;
		};
		667787F518EF6D9800EF1962 /* MailCore.framework */ = {
			isa = PBXReferenceProxy;
			fileType = wrapper.framework;
			path = MailCore.framework;
			remoteRef = 667787F418EF6D9800EF1962 /* PBXContainerItemProxy */;
			sourceTree = BUILT_PRODUCTS_DIR;
		};
/* End PBXReferenceProxy section */

/* Begin PBXResourcesBuildPhase section */
		66F2C46418E3293E00CD593E /* Resources */ = {
			isa = PBXResourcesBuildPhase;
			buildActionMask = 2147483647;
			files = (
				66AEEBAC1936B26B00B6DBE5 /* GTMOAuth2ViewTouch.xib in Resources */,
				6620BA9218E343FA00769C48 /* News.png in Resources */,
				FA5627E21935E57700238F40 /* close@2x.png in Resources */,
				6620BA8118E32FD700769C48 /* Meetings.png in Resources */,
				6620BA9118E343FA00769C48 /* Forums.png in Resources */,
				66F2C48218E3293E00CD593E /* Images.xcassets in Resources */,
				FA2C9BDE193EF92400866BEE /* Main.storyboard in Resources */,
				66F2C47418E3293E00CD593E /* InfoPlist.strings in Resources */,
				FA2C9BB2193DF57700866BEE /* cross.png in Resources */,
				FA5627D81935C92600238F40 /* settings.png in Resources */,
				FA5627D91935C92600238F40 /* notification@2x.png in Resources */,
				66AEEBBC19370EAB00B6DBE5 /* intro.png in Resources */,
				6620BA9D18E38BE500769C48 /* Funnl.png in Resources */,
				6620BA9C18E38BE500769C48 /* Compose.png in Resources */,
				FA2C9BB7193DF5CE00866BEE /* archive@2x.png in Resources */,
				6620BAAC18E399C700769C48 /* Email 2.png in Resources */,
				FA5627DA1935C92600238F40 /* notification.png in Resources */,
				FA8A4ADC193D902B004890E3 /* NSDateTimeAgo.bundle in Resources */,
				6620BA9418E343FA00769C48 /* Shopping.png in Resources */,
				66AEEBBE193719AF00B6DBE5 /* login.png in Resources */,
				6620BAAE18E399C700769C48 /* Email 4.png in Resources */,
				FA2C9BB6193DF5CE00866BEE /* archive.png in Resources */,
				CC4263BC1934BB6700F3C5EB /* dbschema.sql in Resources */,
				6620BA8218E32FD700769C48 /* Payments.png in Resources */,
				FA5627D71935C92600238F40 /* settings@2x.png in Resources */,
				6620BA9518E343FA00769C48 /* Social.png in Resources */,
				FA5627E11935E57700238F40 /* close.png in Resources */,
				FA2C9BB3193DF57700866BEE /* cross@2x.png in Resources */,
				6620BA8018E32FD700769C48 /* Files.png in Resources */,
				6620BAAF18E399C700769C48 /* Email 5.png in Resources */,
				6620BAAB18E399C700769C48 /* Email 1.png in Resources */,
				6620BA9818E348EA00769C48 /* Menu.png in Resources */,
				FA1AEB6C19346BE300E93907 /* add.png in Resources */,
				6620BAAD18E399C700769C48 /* Email 3.png in Resources */,
				6620BA8318E32FD700769C48 /* Travel.png in Resources */,
				6620BA9E18E38BE500769C48 /* Mail.png in Resources */,
				6620BA9318E343FA00769C48 /* Plus Sign.png in Resources */,
			);
			runOnlyForDeploymentPostprocessing = 0;
		};
		66F2C48518E3293E00CD593E /* Resources */ = {
			isa = PBXResourcesBuildPhase;
			buildActionMask = 2147483647;
			files = (
				66F2C49318E3293F00CD593E /* InfoPlist.strings in Resources */,
			);
			runOnlyForDeploymentPostprocessing = 0;
		};
/* End PBXResourcesBuildPhase section */

/* Begin PBXSourcesBuildPhase section */
		66F2C46218E3293E00CD593E /* Sources */ = {
			isa = PBXSourcesBuildPhase;
			buildActionMask = 2147483647;
			files = (
				CC8C7ECE18E6F38100E76AE8 /* NSArray+MASAdditions.m in Sources */,
				CCC9E428193E47980028DC84 /* ServiceTests.m in Sources */,
				CCC9E41F193DF91D0028DC84 /* MessageModel.m in Sources */,
				CCC9E40F193D5CC20028DC84 /* EmailServersService.m in Sources */,
				CC8C7ECD18E6F38100E76AE8 /* MASViewConstraint.m in Sources */,
				FA2F433F193318BE00C1F119 /* CreateFunnlViewController.m in Sources */,
				CCC9E42B193E8D180028DC84 /* MessageFilterXRefService.m in Sources */,
				CC4263B01934B67A00F3C5EB /* FMDatabase.m in Sources */,
				CC8C7ECA18E6F38100E76AE8 /* MASConstraintMaker.m in Sources */,
				CC8C7ED018E6F38100E76AE8 /* View+MASAdditions.m in Sources */,
				66AEEBAF1936B5D100B6DBE5 /* GTMHTTPFetcher.m in Sources */,
				CC4263B41934B67A00F3C5EB /* FMResultSet.m in Sources */,
				FA5627E61936136600238F40 /* MBProgressHUD.m in Sources */,
				660BA98E1902CDEA00CDF86E /* LoginViewController.m in Sources */,
				CC4263B21934B67A00F3C5EB /* FMDatabasePool.m in Sources */,
				FA2C9BD4193EDFCB00866BEE /* UIViewController+MMDrawerController.m in Sources */,
				6677881A18EF84FB00EF1962 /* MCOCIDURLProtocol.mm in Sources */,
				FA2C9BD3193EDFCB00866BEE /* MMDrawerVisualState.m in Sources */,
				CCD00B5B18F54797007A675F /* MainView.m in Sources */,
				CC8C7EC918E6F38100E76AE8 /* MASConstraint.m in Sources */,
				6677880118EF768B00EF1962 /* MsgViewController.mm in Sources */,
				CC8C7EAD18E6F1C100E76AE8 /* MainVC.m in Sources */,
				FA2C9BD2193EDFCB00866BEE /* MMDrawerController.m in Sources */,
				FA2C9BDB193EE66400866BEE /* MenuViewController.m in Sources */,
				CC8C7ECC18E6F38100E76AE8 /* MASViewAttribute.m in Sources */,
				CC8C7ECF18E6F38100E76AE8 /* NSLayoutConstraint+MASDebugAdditions.m in Sources */,
				66AEEBAB1936B26B00B6DBE5 /* GTMOAuth2ViewControllerTouch.m in Sources */,
				CC8C7EC818E6F38100E76AE8 /* MASCompositeConstraint.m in Sources */,
				66AEEBA71936B24900B6DBE5 /* GTMOAuth2SignIn.m in Sources */,
				66E669751904431E003F9305 /* KeychainItemWrapper.m in Sources */,
				6677880C18EF80BF00EF1962 /* EmailCell.m in Sources */,
				FA7A445C193F2FE300ABCB29 /* MenuCell.m in Sources */,
				5A1FF53D1948263B0056750F /* FunnelModel.m in Sources */,
				FA2C9BD1193EDFCB00866BEE /* MMDrawerBarButtonItem.m in Sources */,
				FA8DDA551933A6420049F83F /* TextFieldCell.m in Sources */,
				CC4263BA1934BB2000F3C5EB /* SQLiteDatabase.m in Sources */,
				CC7F72F418E837C9008962C3 /* FilterViewCell.m in Sources */,
				CC8C7ECB18E6F38100E76AE8 /* MASLayoutConstraint.m in Sources */,
				CCC9E416193D5CDF0028DC84 /* EmailServerModel.m in Sources */,
				CC4263B11934B67A00F3C5EB /* FMDatabaseAdditions.m in Sources */,
				66AEEB811933002D00B6DBE5 /* EmailsTableViewController.m in Sources */,
				CCC9E41C193DF5E80028DC84 /* FunnelService.m in Sources */,
				CCC9E425193E414F0028DC84 /* ServiceUtils.m in Sources */,
				CC7F72F818E83925008962C3 /* EmailService.m in Sources */,
				B751C88D1940FD620051DF0B /* SendEmailViewController.m in Sources */,
				66F2C47A18E3293E00CD593E /* AppDelegate.m in Sources */,
				CCC9E422193DF9B10028DC84 /* MessageService.m in Sources */,
				CC8A455C18E832B8009FDBDB /* UIColor+HexString.m in Sources */,
				CC4263B31934B67A00F3C5EB /* FMDatabaseQueue.m in Sources */,
				6677882718F0AEED00EF1962 /* main.mm in Sources */,
				FA8A4ADB193D902B004890E3 /* NSDate+TimeAgo.m in Sources */,
				FA2C9BAB193DEF5200866BEE /* MCSwipeTableViewCell.m in Sources */,
				66AEEBA41936B1FC00B6DBE5 /* GTMOAuth2Authentication.m in Sources */,
				6677881718EF83F800EF1962 /* MCOMessageView.mm in Sources */,
				CC39517218E6F9700093C787 /* MainFilterCell.m in Sources */,
			);
			runOnlyForDeploymentPostprocessing = 0;
		};
		66F2C48318E3293E00CD593E /* Sources */ = {
			isa = PBXSourcesBuildPhase;
			buildActionMask = 2147483647;
			files = (
				66F2C49518E3293F00CD593E /* FunnlMailTests.m in Sources */,
			);
			runOnlyForDeploymentPostprocessing = 0;
		};
/* End PBXSourcesBuildPhase section */

/* Begin PBXTargetDependency section */
		667787F718EF6E0200EF1962 /* PBXTargetDependency */ = {
			isa = PBXTargetDependency;
			name = "static mailcore2 ios";
			targetProxy = 667787F618EF6E0200EF1962 /* PBXContainerItemProxy */;
		};
		66F2C48D18E3293F00CD593E /* PBXTargetDependency */ = {
			isa = PBXTargetDependency;
			target = 66F2C46518E3293E00CD593E /* FunnlMail */;
			targetProxy = 66F2C48C18E3293F00CD593E /* PBXContainerItemProxy */;
		};
/* End PBXTargetDependency section */

/* Begin PBXVariantGroup section */
		66F2C47218E3293E00CD593E /* InfoPlist.strings */ = {
			isa = PBXVariantGroup;
			children = (
				66F2C47318E3293E00CD593E /* en */,
			);
			name = InfoPlist.strings;
			sourceTree = "<group>";
		};
		66F2C49118E3293F00CD593E /* InfoPlist.strings */ = {
			isa = PBXVariantGroup;
			children = (
				66F2C49218E3293F00CD593E /* en */,
			);
			name = InfoPlist.strings;
			sourceTree = "<group>";
		};
		FA2C9BDC193EF92400866BEE /* Main.storyboard */ = {
			isa = PBXVariantGroup;
			children = (
				FA2C9BDD193EF92400866BEE /* Base */,
			);
			name = Main.storyboard;
			sourceTree = "<group>";
		};
/* End PBXVariantGroup section */

/* Begin XCBuildConfiguration section */
		66F2C49618E3293F00CD593E /* Debug */ = {
			isa = XCBuildConfiguration;
			buildSettings = {
				ALWAYS_SEARCH_USER_PATHS = NO;
				CLANG_CXX_LANGUAGE_STANDARD = "gnu++0x";
				CLANG_CXX_LIBRARY = "libc++";
				CLANG_ENABLE_MODULES = YES;
				CLANG_ENABLE_OBJC_ARC = YES;
				CLANG_WARN_BOOL_CONVERSION = YES;
				CLANG_WARN_CONSTANT_CONVERSION = YES;
				CLANG_WARN_DIRECT_OBJC_ISA_USAGE = YES_ERROR;
				CLANG_WARN_EMPTY_BODY = YES;
				CLANG_WARN_ENUM_CONVERSION = YES;
				CLANG_WARN_INT_CONVERSION = YES;
				CLANG_WARN_OBJC_ROOT_CLASS = YES_ERROR;
				CLANG_WARN__DUPLICATE_METHOD_MATCH = YES;
				CODE_SIGN_IDENTITY = "iPhone Developer: iauro Technologies (A8VTZ5JNZU)";
				"CODE_SIGN_IDENTITY[sdk=iphoneos*]" = "iPhone Developer: iauro Technologies (A8VTZ5JNZU)";
				COPY_PHASE_STRIP = NO;
				GCC_C_LANGUAGE_STANDARD = gnu99;
				GCC_DYNAMIC_NO_PIC = NO;
				GCC_OPTIMIZATION_LEVEL = 0;
				GCC_PREPROCESSOR_DEFINITIONS = (
					"DEBUG=1",
					"$(inherited)",
				);
				GCC_SYMBOLS_PRIVATE_EXTERN = NO;
				GCC_WARN_64_TO_32_BIT_CONVERSION = YES;
				GCC_WARN_ABOUT_RETURN_TYPE = YES_ERROR;
				GCC_WARN_UNDECLARED_SELECTOR = YES;
				GCC_WARN_UNINITIALIZED_AUTOS = YES;
				GCC_WARN_UNUSED_FUNCTION = YES;
				GCC_WARN_UNUSED_VARIABLE = YES;
				IPHONEOS_DEPLOYMENT_TARGET = 7.0;
				ONLY_ACTIVE_ARCH = YES;
				PROVISIONING_PROFILE = "8F4EEEE6-6DB0-47B1-9B48-2DC66AD6ACE4";
				SDKROOT = iphoneos;
			};
			name = Debug;
		};
		66F2C49718E3293F00CD593E /* Release */ = {
			isa = XCBuildConfiguration;
			buildSettings = {
				ALWAYS_SEARCH_USER_PATHS = NO;
				CLANG_CXX_LANGUAGE_STANDARD = "gnu++0x";
				CLANG_CXX_LIBRARY = "libc++";
				CLANG_ENABLE_MODULES = YES;
				CLANG_ENABLE_OBJC_ARC = YES;
				CLANG_WARN_BOOL_CONVERSION = YES;
				CLANG_WARN_CONSTANT_CONVERSION = YES;
				CLANG_WARN_DIRECT_OBJC_ISA_USAGE = YES_ERROR;
				CLANG_WARN_EMPTY_BODY = YES;
				CLANG_WARN_ENUM_CONVERSION = YES;
				CLANG_WARN_INT_CONVERSION = YES;
				CLANG_WARN_OBJC_ROOT_CLASS = YES_ERROR;
				CLANG_WARN__DUPLICATE_METHOD_MATCH = YES;
				CODE_SIGN_IDENTITY = "iPhone Developer: iauro Technologies (A8VTZ5JNZU)";
				"CODE_SIGN_IDENTITY[sdk=iphoneos*]" = "iPhone Developer: iauro Technologies (A8VTZ5JNZU)";
				COPY_PHASE_STRIP = YES;
				ENABLE_NS_ASSERTIONS = NO;
				GCC_C_LANGUAGE_STANDARD = gnu99;
				GCC_WARN_64_TO_32_BIT_CONVERSION = YES;
				GCC_WARN_ABOUT_RETURN_TYPE = YES_ERROR;
				GCC_WARN_UNDECLARED_SELECTOR = YES;
				GCC_WARN_UNINITIALIZED_AUTOS = YES;
				GCC_WARN_UNUSED_FUNCTION = YES;
				GCC_WARN_UNUSED_VARIABLE = YES;
				IPHONEOS_DEPLOYMENT_TARGET = 7.0;
				PROVISIONING_PROFILE = "8F4EEEE6-6DB0-47B1-9B48-2DC66AD6ACE4";
				SDKROOT = iphoneos;
				VALIDATE_PRODUCT = YES;
			};
			name = Release;
		};
		66F2C49918E3293F00CD593E /* Debug */ = {
			isa = XCBuildConfiguration;
			buildSettings = {
				ASSETCATALOG_COMPILER_APPICON_NAME = AppIcon;
				ASSETCATALOG_COMPILER_LAUNCHIMAGE_NAME = LaunchImage;
				CLANG_CXX_LIBRARY = "libstdc++";
				CODE_SIGN_IDENTITY = "iPhone Developer: iauro Technologies (A8VTZ5JNZU)";
				"CODE_SIGN_IDENTITY[sdk=iphoneos*]" = "iPhone Developer: iauro Technologies (A8VTZ5JNZU)";
				GCC_PRECOMPILE_PREFIX_HEADER = YES;
				GCC_PREFIX_HEADER = "FunnlMail/FunnlMail-Prefix.pch";
				INFOPLIST_FILE = "FunnlMail/FunnlMail-Info.plist";
				OTHER_LDFLAGS = (
					"-lctemplate-ios",
					"-letpan-ios",
					"-licudata",
					"-licui18n",
					"-licuuc",
					"-lxml2",
					"-lsasl2",
					"-liconv",
					"-ltidy",
					"-lz",
					"-licucore",
					"-lstdc++",
					"-stdlib=libstdc++",
					"-ObjC",
				);
				PRODUCT_NAME = "$(TARGET_NAME)";
				PROVISIONING_PROFILE = "8F4EEEE6-6DB0-47B1-9B48-2DC66AD6ACE4";
				WRAPPER_EXTENSION = app;
			};
			name = Debug;
		};
		66F2C49A18E3293F00CD593E /* Release */ = {
			isa = XCBuildConfiguration;
			buildSettings = {
				ASSETCATALOG_COMPILER_APPICON_NAME = AppIcon;
				ASSETCATALOG_COMPILER_LAUNCHIMAGE_NAME = LaunchImage;
				CLANG_CXX_LIBRARY = "libstdc++";
				CODE_SIGN_IDENTITY = "iPhone Developer: iauro Technologies (A8VTZ5JNZU)";
				"CODE_SIGN_IDENTITY[sdk=iphoneos*]" = "iPhone Developer: iauro Technologies (A8VTZ5JNZU)";
				GCC_PRECOMPILE_PREFIX_HEADER = YES;
				GCC_PREFIX_HEADER = "FunnlMail/FunnlMail-Prefix.pch";
				INFOPLIST_FILE = "FunnlMail/FunnlMail-Info.plist";
				OTHER_LDFLAGS = (
					"-lctemplate-ios",
					"-letpan-ios",
					"-licudata",
					"-licui18n",
					"-licuuc",
					"-lxml2",
					"-lsasl2",
					"-liconv",
					"-ltidy",
					"-lz",
					"-licucore",
					"-lstdc++",
					"-stdlib=libstdc++",
					"-ObjC",
				);
				PRODUCT_NAME = "$(TARGET_NAME)";
				PROVISIONING_PROFILE = "8F4EEEE6-6DB0-47B1-9B48-2DC66AD6ACE4";
				WRAPPER_EXTENSION = app;
			};
			name = Release;
		};
		66F2C49C18E3293F00CD593E /* Debug */ = {
			isa = XCBuildConfiguration;
			buildSettings = {
				BUNDLE_LOADER = "$(BUILT_PRODUCTS_DIR)/FunnlMail.app/FunnlMail";
				FRAMEWORK_SEARCH_PATHS = (
					"$(SDKROOT)/Developer/Library/Frameworks",
					"$(inherited)",
					"$(DEVELOPER_FRAMEWORKS_DIR)",
				);
				GCC_PRECOMPILE_PREFIX_HEADER = YES;
				GCC_PREFIX_HEADER = "FunnlMail/FunnlMail-Prefix.pch";
				GCC_PREPROCESSOR_DEFINITIONS = (
					"DEBUG=1",
					"$(inherited)",
				);
				INFOPLIST_FILE = "FunnlMailTests/FunnlMailTests-Info.plist";
				PRODUCT_NAME = "$(TARGET_NAME)";
				TEST_HOST = "$(BUNDLE_LOADER)";
				WRAPPER_EXTENSION = xctest;
			};
			name = Debug;
		};
		66F2C49D18E3293F00CD593E /* Release */ = {
			isa = XCBuildConfiguration;
			buildSettings = {
				BUNDLE_LOADER = "$(BUILT_PRODUCTS_DIR)/FunnlMail.app/FunnlMail";
				FRAMEWORK_SEARCH_PATHS = (
					"$(SDKROOT)/Developer/Library/Frameworks",
					"$(inherited)",
					"$(DEVELOPER_FRAMEWORKS_DIR)",
				);
				GCC_PRECOMPILE_PREFIX_HEADER = YES;
				GCC_PREFIX_HEADER = "FunnlMail/FunnlMail-Prefix.pch";
				INFOPLIST_FILE = "FunnlMailTests/FunnlMailTests-Info.plist";
				PRODUCT_NAME = "$(TARGET_NAME)";
				TEST_HOST = "$(BUNDLE_LOADER)";
				WRAPPER_EXTENSION = xctest;
			};
			name = Release;
		};
/* End XCBuildConfiguration section */

/* Begin XCConfigurationList section */
		66F2C46118E3293E00CD593E /* Build configuration list for PBXProject "FunnlMail" */ = {
			isa = XCConfigurationList;
			buildConfigurations = (
				66F2C49618E3293F00CD593E /* Debug */,
				66F2C49718E3293F00CD593E /* Release */,
			);
			defaultConfigurationIsVisible = 0;
			defaultConfigurationName = Release;
		};
		66F2C49818E3293F00CD593E /* Build configuration list for PBXNativeTarget "FunnlMail" */ = {
			isa = XCConfigurationList;
			buildConfigurations = (
				66F2C49918E3293F00CD593E /* Debug */,
				66F2C49A18E3293F00CD593E /* Release */,
			);
			defaultConfigurationIsVisible = 0;
			defaultConfigurationName = Release;
		};
		66F2C49B18E3293F00CD593E /* Build configuration list for PBXNativeTarget "FunnlMailTests" */ = {
			isa = XCConfigurationList;
			buildConfigurations = (
				66F2C49C18E3293F00CD593E /* Debug */,
				66F2C49D18E3293F00CD593E /* Release */,
			);
			defaultConfigurationIsVisible = 0;
			defaultConfigurationName = Release;
		};
/* End XCConfigurationList section */
	};
	rootObject = 66F2C45E18E3293E00CD593E /* Project object */;
}
