// !$*UTF8*$!
{
	archiveVersion = 1;
	classes = {
	};
	objectVersion = 46;
	objects = {

/* Begin PBXBuildFile section */
		6620BA8018E32FD700769C48 /* Files.png in Resources */ = {isa = PBXBuildFile; fileRef = 6620BA7C18E32FD700769C48 /* Files.png */; };
		6620BA8118E32FD700769C48 /* Meetings.png in Resources */ = {isa = PBXBuildFile; fileRef = 6620BA7D18E32FD700769C48 /* Meetings.png */; };
		6620BA8218E32FD700769C48 /* Payments.png in Resources */ = {isa = PBXBuildFile; fileRef = 6620BA7E18E32FD700769C48 /* Payments.png */; };
		6620BA8318E32FD700769C48 /* Travel.png in Resources */ = {isa = PBXBuildFile; fileRef = 6620BA7F18E32FD700769C48 /* Travel.png */; };
		6620BA8618E3334800769C48 /* Cell.m in Sources */ = {isa = PBXBuildFile; fileRef = 6620BA8518E3334800769C48 /* Cell.m */; };
		6620BA9118E343FA00769C48 /* Forums.png in Resources */ = {isa = PBXBuildFile; fileRef = 6620BA8C18E343FA00769C48 /* Forums.png */; };
		6620BA9218E343FA00769C48 /* News.png in Resources */ = {isa = PBXBuildFile; fileRef = 6620BA8D18E343FA00769C48 /* News.png */; };
		6620BA9318E343FA00769C48 /* Plus Sign.png in Resources */ = {isa = PBXBuildFile; fileRef = 6620BA8E18E343FA00769C48 /* Plus Sign.png */; };
		6620BA9418E343FA00769C48 /* Shopping.png in Resources */ = {isa = PBXBuildFile; fileRef = 6620BA8F18E343FA00769C48 /* Shopping.png */; };
		6620BA9518E343FA00769C48 /* Social.png in Resources */ = {isa = PBXBuildFile; fileRef = 6620BA9018E343FA00769C48 /* Social.png */; };
		6620BA9818E348EA00769C48 /* Settings.png in Resources */ = {isa = PBXBuildFile; fileRef = 6620BA9718E348EA00769C48 /* Settings.png */; };
		66F2C46A18E3293E00CD593E /* Foundation.framework in Frameworks */ = {isa = PBXBuildFile; fileRef = 66F2C46918E3293E00CD593E /* Foundation.framework */; };
		66F2C46C18E3293E00CD593E /* CoreGraphics.framework in Frameworks */ = {isa = PBXBuildFile; fileRef = 66F2C46B18E3293E00CD593E /* CoreGraphics.framework */; };
		66F2C46E18E3293E00CD593E /* UIKit.framework in Frameworks */ = {isa = PBXBuildFile; fileRef = 66F2C46D18E3293E00CD593E /* UIKit.framework */; };
		66F2C47418E3293E00CD593E /* InfoPlist.strings in Resources */ = {isa = PBXBuildFile; fileRef = 66F2C47218E3293E00CD593E /* InfoPlist.strings */; };
		66F2C47618E3293E00CD593E /* main.m in Sources */ = {isa = PBXBuildFile; fileRef = 66F2C47518E3293E00CD593E /* main.m */; };
		66F2C47A18E3293E00CD593E /* AppDelegate.m in Sources */ = {isa = PBXBuildFile; fileRef = 66F2C47918E3293E00CD593E /* AppDelegate.m */; };
		66F2C47D18E3293E00CD593E /* Main.storyboard in Resources */ = {isa = PBXBuildFile; fileRef = 66F2C47B18E3293E00CD593E /* Main.storyboard */; };
		66F2C48018E3293E00CD593E /* FunnlViewController.m in Sources */ = {isa = PBXBuildFile; fileRef = 66F2C47F18E3293E00CD593E /* FunnlViewController.m */; };
		66F2C48218E3293E00CD593E /* Images.xcassets in Resources */ = {isa = PBXBuildFile; fileRef = 66F2C48118E3293E00CD593E /* Images.xcassets */; };
		66F2C48918E3293F00CD593E /* XCTest.framework in Frameworks */ = {isa = PBXBuildFile; fileRef = 66F2C48818E3293F00CD593E /* XCTest.framework */; };
		66F2C48A18E3293F00CD593E /* Foundation.framework in Frameworks */ = {isa = PBXBuildFile; fileRef = 66F2C46918E3293E00CD593E /* Foundation.framework */; };
		66F2C48B18E3293F00CD593E /* UIKit.framework in Frameworks */ = {isa = PBXBuildFile; fileRef = 66F2C46D18E3293E00CD593E /* UIKit.framework */; };
		66F2C49318E3293F00CD593E /* InfoPlist.strings in Resources */ = {isa = PBXBuildFile; fileRef = 66F2C49118E3293F00CD593E /* InfoPlist.strings */; };
		66F2C49518E3293F00CD593E /* FunnlMailTests.m in Sources */ = {isa = PBXBuildFile; fileRef = 66F2C49418E3293F00CD593E /* FunnlMailTests.m */; };
/* End PBXBuildFile section */

/* Begin PBXContainerItemProxy section */
		66F2C48C18E3293F00CD593E /* PBXContainerItemProxy */ = {
			isa = PBXContainerItemProxy;
			containerPortal = 66F2C45E18E3293E00CD593E /* Project object */;
			proxyType = 1;
			remoteGlobalIDString = 66F2C46518E3293E00CD593E;
			remoteInfo = FunnlMail;
		};
/* End PBXContainerItemProxy section */

/* Begin PBXFileReference section */
		6620BA7C18E32FD700769C48 /* Files.png */ = {isa = PBXFileReference; lastKnownFileType = image.png; path = Files.png; sourceTree = "<group>"; };
		6620BA7D18E32FD700769C48 /* Meetings.png */ = {isa = PBXFileReference; lastKnownFileType = image.png; path = Meetings.png; sourceTree = "<group>"; };
		6620BA7E18E32FD700769C48 /* Payments.png */ = {isa = PBXFileReference; lastKnownFileType = image.png; path = Payments.png; sourceTree = "<group>"; };
		6620BA7F18E32FD700769C48 /* Travel.png */ = {isa = PBXFileReference; lastKnownFileType = image.png; path = Travel.png; sourceTree = "<group>"; };
		6620BA8418E3334800769C48 /* Cell.h */ = {isa = PBXFileReference; fileEncoding = 4; lastKnownFileType = sourcecode.c.h; path = Cell.h; sourceTree = "<group>"; };
		6620BA8518E3334800769C48 /* Cell.m */ = {isa = PBXFileReference; fileEncoding = 4; lastKnownFileType = sourcecode.c.objc; path = Cell.m; sourceTree = "<group>"; };
		6620BA8C18E343FA00769C48 /* Forums.png */ = {isa = PBXFileReference; lastKnownFileType = image.png; path = Forums.png; sourceTree = "<group>"; };
		6620BA8D18E343FA00769C48 /* News.png */ = {isa = PBXFileReference; lastKnownFileType = image.png; path = News.png; sourceTree = "<group>"; };
		6620BA8E18E343FA00769C48 /* Plus Sign.png */ = {isa = PBXFileReference; lastKnownFileType = image.png; path = "Plus Sign.png"; sourceTree = "<group>"; };
		6620BA8F18E343FA00769C48 /* Shopping.png */ = {isa = PBXFileReference; lastKnownFileType = image.png; path = Shopping.png; sourceTree = "<group>"; };
		6620BA9018E343FA00769C48 /* Social.png */ = {isa = PBXFileReference; lastKnownFileType = image.png; path = Social.png; sourceTree = "<group>"; };
		6620BA9718E348EA00769C48 /* Settings.png */ = {isa = PBXFileReference; lastKnownFileType = image.png; path = Settings.png; sourceTree = "<group>"; };
		66F2C46618E3293E00CD593E /* FunnlMail.app */ = {isa = PBXFileReference; explicitFileType = wrapper.application; includeInIndex = 0; path = FunnlMail.app; sourceTree = BUILT_PRODUCTS_DIR; };
		66F2C46918E3293E00CD593E /* Foundation.framework */ = {isa = PBXFileReference; lastKnownFileType = wrapper.framework; name = Foundation.framework; path = System/Library/Frameworks/Foundation.framework; sourceTree = SDKROOT; };
		66F2C46B18E3293E00CD593E /* CoreGraphics.framework */ = {isa = PBXFileReference; lastKnownFileType = wrapper.framework; name = CoreGraphics.framework; path = System/Library/Frameworks/CoreGraphics.framework; sourceTree = SDKROOT; };
		66F2C46D18E3293E00CD593E /* UIKit.framework */ = {isa = PBXFileReference; lastKnownFileType = wrapper.framework; name = UIKit.framework; path = System/Library/Frameworks/UIKit.framework; sourceTree = SDKROOT; };
		66F2C47118E3293E00CD593E /* FunnlMail-Info.plist */ = {isa = PBXFileReference; lastKnownFileType = text.plist.xml; path = "FunnlMail-Info.plist"; sourceTree = "<group>"; };
		66F2C47318E3293E00CD593E /* en */ = {isa = PBXFileReference; lastKnownFileType = text.plist.strings; name = en; path = en.lproj/InfoPlist.strings; sourceTree = "<group>"; };
		66F2C47518E3293E00CD593E /* main.m */ = {isa = PBXFileReference; lastKnownFileType = sourcecode.c.objc; path = main.m; sourceTree = "<group>"; };
		66F2C47718E3293E00CD593E /* FunnlMail-Prefix.pch */ = {isa = PBXFileReference; lastKnownFileType = sourcecode.c.h; path = "FunnlMail-Prefix.pch"; sourceTree = "<group>"; };
		66F2C47818E3293E00CD593E /* AppDelegate.h */ = {isa = PBXFileReference; lastKnownFileType = sourcecode.c.h; path = AppDelegate.h; sourceTree = "<group>"; };
		66F2C47918E3293E00CD593E /* AppDelegate.m */ = {isa = PBXFileReference; lastKnownFileType = sourcecode.c.objc; path = AppDelegate.m; sourceTree = "<group>"; };
		66F2C47C18E3293E00CD593E /* Base */ = {isa = PBXFileReference; lastKnownFileType = file.storyboard; name = Base; path = Base.lproj/Main.storyboard; sourceTree = "<group>"; };
		66F2C47E18E3293E00CD593E /* FunnlViewController.h */ = {isa = PBXFileReference; lastKnownFileType = sourcecode.c.h; path = FunnlViewController.h; sourceTree = "<group>"; };
		66F2C47F18E3293E00CD593E /* FunnlViewController.m */ = {isa = PBXFileReference; lastKnownFileType = sourcecode.c.objc; path = FunnlViewController.m; sourceTree = "<group>"; };
		66F2C48118E3293E00CD593E /* Images.xcassets */ = {isa = PBXFileReference; lastKnownFileType = folder.assetcatalog; path = Images.xcassets; sourceTree = "<group>"; };
		66F2C48718E3293F00CD593E /* FunnlMailTests.xctest */ = {isa = PBXFileReference; explicitFileType = wrapper.cfbundle; includeInIndex = 0; path = FunnlMailTests.xctest; sourceTree = BUILT_PRODUCTS_DIR; };
		66F2C48818E3293F00CD593E /* XCTest.framework */ = {isa = PBXFileReference; lastKnownFileType = wrapper.framework; name = XCTest.framework; path = Library/Frameworks/XCTest.framework; sourceTree = DEVELOPER_DIR; };
		66F2C49018E3293F00CD593E /* FunnlMailTests-Info.plist */ = {isa = PBXFileReference; lastKnownFileType = text.plist.xml; path = "FunnlMailTests-Info.plist"; sourceTree = "<group>"; };
		66F2C49218E3293F00CD593E /* en */ = {isa = PBXFileReference; lastKnownFileType = text.plist.strings; name = en; path = en.lproj/InfoPlist.strings; sourceTree = "<group>"; };
		66F2C49418E3293F00CD593E /* FunnlMailTests.m */ = {isa = PBXFileReference; lastKnownFileType = sourcecode.c.objc; path = FunnlMailTests.m; sourceTree = "<group>"; };
/* End PBXFileReference section */

/* Begin PBXFrameworksBuildPhase section */
		66F2C46318E3293E00CD593E /* Frameworks */ = {
			isa = PBXFrameworksBuildPhase;
			buildActionMask = 2147483647;
			files = (
				66F2C46C18E3293E00CD593E /* CoreGraphics.framework in Frameworks */,
				66F2C46E18E3293E00CD593E /* UIKit.framework in Frameworks */,
				66F2C46A18E3293E00CD593E /* Foundation.framework in Frameworks */,
			);
			runOnlyForDeploymentPostprocessing = 0;
		};
		66F2C48418E3293E00CD593E /* Frameworks */ = {
			isa = PBXFrameworksBuildPhase;
			buildActionMask = 2147483647;
			files = (
				66F2C48918E3293F00CD593E /* XCTest.framework in Frameworks */,
				66F2C48B18E3293F00CD593E /* UIKit.framework in Frameworks */,
				66F2C48A18E3293F00CD593E /* Foundation.framework in Frameworks */,
			);
			runOnlyForDeploymentPostprocessing = 0;
		};
/* End PBXFrameworksBuildPhase section */

/* Begin PBXGroup section */
		6620BA8918E3439000769C48 /* Resources */ = {
			isa = PBXGroup;
			children = (
				6620BA9618E348A800769C48 /* Images */,
			);
			name = Resources;
			sourceTree = "<group>";
		};
		6620BA8A18E3439800769C48 /* Icons */ = {
			isa = PBXGroup;
			children = (
				6620BA9718E348EA00769C48 /* Settings.png */,
			);
			name = Icons;
			sourceTree = "<group>";
		};
		6620BA8B18E343A100769C48 /* Funnls */ = {
			isa = PBXGroup;
			children = (
				6620BA8C18E343FA00769C48 /* Forums.png */,
				6620BA8D18E343FA00769C48 /* News.png */,
				6620BA8E18E343FA00769C48 /* Plus Sign.png */,
				6620BA8F18E343FA00769C48 /* Shopping.png */,
				6620BA9018E343FA00769C48 /* Social.png */,
				6620BA7C18E32FD700769C48 /* Files.png */,
				6620BA7D18E32FD700769C48 /* Meetings.png */,
				6620BA7E18E32FD700769C48 /* Payments.png */,
				6620BA7F18E32FD700769C48 /* Travel.png */,
			);
			name = Funnls;
			sourceTree = "<group>";
		};
		6620BA9618E348A800769C48 /* Images */ = {
			isa = PBXGroup;
			children = (
				6620BA8A18E3439800769C48 /* Icons */,
				6620BA8B18E343A100769C48 /* Funnls */,
			);
			name = Images;
			sourceTree = "<group>";
		};
		66F2C45D18E3293E00CD593E = {
			isa = PBXGroup;
			children = (
				66F2C46F18E3293E00CD593E /* FunnlMail */,
				66F2C48E18E3293F00CD593E /* FunnlMailTests */,
				66F2C46818E3293E00CD593E /* Frameworks */,
				66F2C46718E3293E00CD593E /* Products */,
				6620BA8918E3439000769C48 /* Resources */,
			);
			sourceTree = "<group>";
		};
		66F2C46718E3293E00CD593E /* Products */ = {
			isa = PBXGroup;
			children = (
				66F2C46618E3293E00CD593E /* FunnlMail.app */,
				66F2C48718E3293F00CD593E /* FunnlMailTests.xctest */,
			);
			name = Products;
			sourceTree = "<group>";
		};
		66F2C46818E3293E00CD593E /* Frameworks */ = {
			isa = PBXGroup;
			children = (
				66F2C46918E3293E00CD593E /* Foundation.framework */,
				66F2C46B18E3293E00CD593E /* CoreGraphics.framework */,
				66F2C46D18E3293E00CD593E /* UIKit.framework */,
				66F2C48818E3293F00CD593E /* XCTest.framework */,
			);
			name = Frameworks;
			sourceTree = "<group>";
		};
		66F2C46F18E3293E00CD593E /* FunnlMail */ = {
			isa = PBXGroup;
			children = (
				66F2C47818E3293E00CD593E /* AppDelegate.h */,
				66F2C47918E3293E00CD593E /* AppDelegate.m */,
				66F2C47B18E3293E00CD593E /* Main.storyboard */,
				66F2C47E18E3293E00CD593E /* FunnlViewController.h */,
				66F2C47F18E3293E00CD593E /* FunnlViewController.m */,
				6620BA8418E3334800769C48 /* Cell.h */,
				6620BA8518E3334800769C48 /* Cell.m */,
				66F2C48118E3293E00CD593E /* Images.xcassets */,
				66F2C47018E3293E00CD593E /* Supporting Files */,
			);
			path = FunnlMail;
			sourceTree = "<group>";
		};
		66F2C47018E3293E00CD593E /* Supporting Files */ = {
			isa = PBXGroup;
			children = (
				66F2C47118E3293E00CD593E /* FunnlMail-Info.plist */,
				66F2C47218E3293E00CD593E /* InfoPlist.strings */,
				66F2C47518E3293E00CD593E /* main.m */,
				66F2C47718E3293E00CD593E /* FunnlMail-Prefix.pch */,
			);
			name = "Supporting Files";
			sourceTree = "<group>";
		};
		66F2C48E18E3293F00CD593E /* FunnlMailTests */ = {
			isa = PBXGroup;
			children = (
				66F2C49418E3293F00CD593E /* FunnlMailTests.m */,
				66F2C48F18E3293F00CD593E /* Supporting Files */,
			);
			path = FunnlMailTests;
			sourceTree = "<group>";
		};
		66F2C48F18E3293F00CD593E /* Supporting Files */ = {
			isa = PBXGroup;
			children = (
				66F2C49018E3293F00CD593E /* FunnlMailTests-Info.plist */,
				66F2C49118E3293F00CD593E /* InfoPlist.strings */,
			);
			name = "Supporting Files";
			sourceTree = "<group>";
		};
/* End PBXGroup section */

/* Begin PBXNativeTarget section */
		66F2C46518E3293E00CD593E /* FunnlMail */ = {
			isa = PBXNativeTarget;
			buildConfigurationList = 66F2C49818E3293F00CD593E /* Build configuration list for PBXNativeTarget "FunnlMail" */;
			buildPhases = (
				66F2C46218E3293E00CD593E /* Sources */,
				66F2C46318E3293E00CD593E /* Frameworks */,
				66F2C46418E3293E00CD593E /* Resources */,
			);
			buildRules = (
			);
			dependencies = (
			);
			name = FunnlMail;
			productName = FunnlMail;
			productReference = 66F2C46618E3293E00CD593E /* FunnlMail.app */;
			productType = "com.apple.product-type.application";
		};
		66F2C48618E3293E00CD593E /* FunnlMailTests */ = {
			isa = PBXNativeTarget;
			buildConfigurationList = 66F2C49B18E3293F00CD593E /* Build configuration list for PBXNativeTarget "FunnlMailTests" */;
			buildPhases = (
				66F2C48318E3293E00CD593E /* Sources */,
				66F2C48418E3293E00CD593E /* Frameworks */,
				66F2C48518E3293E00CD593E /* Resources */,
			);
			buildRules = (
			);
			dependencies = (
				66F2C48D18E3293F00CD593E /* PBXTargetDependency */,
			);
			name = FunnlMailTests;
			productName = FunnlMailTests;
			productReference = 66F2C48718E3293F00CD593E /* FunnlMailTests.xctest */;
			productType = "com.apple.product-type.bundle.unit-test";
		};
/* End PBXNativeTarget section */

/* Begin PBXProject section */
		66F2C45E18E3293E00CD593E /* Project object */ = {
			isa = PBXProject;
			attributes = {
				LastUpgradeCheck = 0500;
				ORGANIZATIONNAME = FunnlMail;
				TargetAttributes = {
					66F2C48618E3293E00CD593E = {
						TestTargetID = 66F2C46518E3293E00CD593E;
					};
				};
			};
			buildConfigurationList = 66F2C46118E3293E00CD593E /* Build configuration list for PBXProject "FunnlMail" */;
			compatibilityVersion = "Xcode 3.2";
			developmentRegion = English;
			hasScannedForEncodings = 0;
			knownRegions = (
				en,
				Base,
			);
			mainGroup = 66F2C45D18E3293E00CD593E;
			productRefGroup = 66F2C46718E3293E00CD593E /* Products */;
			projectDirPath = "";
			projectRoot = "";
			targets = (
				66F2C46518E3293E00CD593E /* FunnlMail */,
				66F2C48618E3293E00CD593E /* FunnlMailTests */,
			);
		};
/* End PBXProject section */

/* Begin PBXResourcesBuildPhase section */
		66F2C46418E3293E00CD593E /* Resources */ = {
			isa = PBXResourcesBuildPhase;
			buildActionMask = 2147483647;
			files = (
				6620BA9218E343FA00769C48 /* News.png in Resources */,
				6620BA8118E32FD700769C48 /* Meetings.png in Resources */,
				6620BA9118E343FA00769C48 /* Forums.png in Resources */,
				66F2C48218E3293E00CD593E /* Images.xcassets in Resources */,
				66F2C47418E3293E00CD593E /* InfoPlist.strings in Resources */,
				66F2C47D18E3293E00CD593E /* Main.storyboard in Resources */,
				6620BA9418E343FA00769C48 /* Shopping.png in Resources */,
				6620BA8218E32FD700769C48 /* Payments.png in Resources */,
				6620BA9518E343FA00769C48 /* Social.png in Resources */,
				6620BA8018E32FD700769C48 /* Files.png in Resources */,
				6620BA9818E348EA00769C48 /* Settings.png in Resources */,
				6620BA8318E32FD700769C48 /* Travel.png in Resources */,
				6620BA9318E343FA00769C48 /* Plus Sign.png in Resources */,
			);
			runOnlyForDeploymentPostprocessing = 0;
		};
		66F2C48518E3293E00CD593E /* Resources */ = {
			isa = PBXResourcesBuildPhase;
			buildActionMask = 2147483647;
			files = (
				66F2C49318E3293F00CD593E /* InfoPlist.strings in Resources */,
			);
			runOnlyForDeploymentPostprocessing = 0;
		};
/* End PBXResourcesBuildPhase section */

/* Begin PBXSourcesBuildPhase section */
		66F2C46218E3293E00CD593E /* Sources */ = {
			isa = PBXSourcesBuildPhase;
			buildActionMask = 2147483647;
			files = (
				66F2C48018E3293E00CD593E /* FunnlViewController.m in Sources */,
				6620BA8618E3334800769C48 /* Cell.m in Sources */,
				66F2C47A18E3293E00CD593E /* AppDelegate.m in Sources */,
				66F2C47618E3293E00CD593E /* main.m in Sources */,
			);
			runOnlyForDeploymentPostprocessing = 0;
		};
		66F2C48318E3293E00CD593E /* Sources */ = {
			isa = PBXSourcesBuildPhase;
			buildActionMask = 2147483647;
			files = (
				66F2C49518E3293F00CD593E /* FunnlMailTests.m in Sources */,
			);
			runOnlyForDeploymentPostprocessing = 0;
		};
/* End PBXSourcesBuildPhase section */

/* Begin PBXTargetDependency section */
		66F2C48D18E3293F00CD593E /* PBXTargetDependency */ = {
			isa = PBXTargetDependency;
			target = 66F2C46518E3293E00CD593E /* FunnlMail */;
			targetProxy = 66F2C48C18E3293F00CD593E /* PBXContainerItemProxy */;
		};
/* End PBXTargetDependency section */

/* Begin PBXVariantGroup section */
		66F2C47218E3293E00CD593E /* InfoPlist.strings */ = {
			isa = PBXVariantGroup;
			children = (
				66F2C47318E3293E00CD593E /* en */,
			);
			name = InfoPlist.strings;
			sourceTree = "<group>";
		};
		66F2C47B18E3293E00CD593E /* Main.storyboard */ = {
			isa = PBXVariantGroup;
			children = (
				66F2C47C18E3293E00CD593E /* Base */,
			);
			name = Main.storyboard;
			sourceTree = "<group>";
		};
		66F2C49118E3293F00CD593E /* InfoPlist.strings */ = {
			isa = PBXVariantGroup;
			children = (
				66F2C49218E3293F00CD593E /* en */,
			);
			name = InfoPlist.strings;
			sourceTree = "<group>";
		};
/* End PBXVariantGroup section */

/* Begin XCBuildConfiguration section */
		66F2C49618E3293F00CD593E /* Debug */ = {
			isa = XCBuildConfiguration;
			buildSettings = {
				ALWAYS_SEARCH_USER_PATHS = NO;
				ARCHS = "$(ARCHS_STANDARD_INCLUDING_64_BIT)";
				CLANG_CXX_LANGUAGE_STANDARD = "gnu++0x";
				CLANG_CXX_LIBRARY = "libc++";
				CLANG_ENABLE_MODULES = YES;
				CLANG_ENABLE_OBJC_ARC = YES;
				CLANG_WARN_BOOL_CONVERSION = YES;
				CLANG_WARN_CONSTANT_CONVERSION = YES;
				CLANG_WARN_DIRECT_OBJC_ISA_USAGE = YES_ERROR;
				CLANG_WARN_EMPTY_BODY = YES;
				CLANG_WARN_ENUM_CONVERSION = YES;
				CLANG_WARN_INT_CONVERSION = YES;
				CLANG_WARN_OBJC_ROOT_CLASS = YES_ERROR;
				CLANG_WARN__DUPLICATE_METHOD_MATCH = YES;
				"CODE_SIGN_IDENTITY[sdk=iphoneos*]" = "iPhone Developer";
				COPY_PHASE_STRIP = NO;
				GCC_C_LANGUAGE_STANDARD = gnu99;
				GCC_DYNAMIC_NO_PIC = NO;
				GCC_OPTIMIZATION_LEVEL = 0;
				GCC_PREPROCESSOR_DEFINITIONS = (
					"DEBUG=1",
					"$(inherited)",
				);
				GCC_SYMBOLS_PRIVATE_EXTERN = NO;
				GCC_WARN_64_TO_32_BIT_CONVERSION = YES;
				GCC_WARN_ABOUT_RETURN_TYPE = YES_ERROR;
				GCC_WARN_UNDECLARED_SELECTOR = YES;
				GCC_WARN_UNINITIALIZED_AUTOS = YES;
				GCC_WARN_UNUSED_FUNCTION = YES;
				GCC_WARN_UNUSED_VARIABLE = YES;
				IPHONEOS_DEPLOYMENT_TARGET = 7.0;
				ONLY_ACTIVE_ARCH = YES;
				SDKROOT = iphoneos;
			};
			name = Debug;
		};
		66F2C49718E3293F00CD593E /* Release */ = {
			isa = XCBuildConfiguration;
			buildSettings = {
				ALWAYS_SEARCH_USER_PATHS = NO;
				ARCHS = "$(ARCHS_STANDARD_INCLUDING_64_BIT)";
				CLANG_CXX_LANGUAGE_STANDARD = "gnu++0x";
				CLANG_CXX_LIBRARY = "libc++";
				CLANG_ENABLE_MODULES = YES;
				CLANG_ENABLE_OBJC_ARC = YES;
				CLANG_WARN_BOOL_CONVERSION = YES;
				CLANG_WARN_CONSTANT_CONVERSION = YES;
				CLANG_WARN_DIRECT_OBJC_ISA_USAGE = YES_ERROR;
				CLANG_WARN_EMPTY_BODY = YES;
				CLANG_WARN_ENUM_CONVERSION = YES;
				CLANG_WARN_INT_CONVERSION = YES;
				CLANG_WARN_OBJC_ROOT_CLASS = YES_ERROR;
				CLANG_WARN__DUPLICATE_METHOD_MATCH = YES;
				"CODE_SIGN_IDENTITY[sdk=iphoneos*]" = "iPhone Developer";
				COPY_PHASE_STRIP = YES;
				ENABLE_NS_ASSERTIONS = NO;
				GCC_C_LANGUAGE_STANDARD = gnu99;
				GCC_WARN_64_TO_32_BIT_CONVERSION = YES;
				GCC_WARN_ABOUT_RETURN_TYPE = YES_ERROR;
				GCC_WARN_UNDECLARED_SELECTOR = YES;
				GCC_WARN_UNINITIALIZED_AUTOS = YES;
				GCC_WARN_UNUSED_FUNCTION = YES;
				GCC_WARN_UNUSED_VARIABLE = YES;
				IPHONEOS_DEPLOYMENT_TARGET = 7.0;
				SDKROOT = iphoneos;
				VALIDATE_PRODUCT = YES;
			};
			name = Release;
		};
		66F2C49918E3293F00CD593E /* Debug */ = {
			isa = XCBuildConfiguration;
			buildSettings = {
				ASSETCATALOG_COMPILER_APPICON_NAME = AppIcon;
				ASSETCATALOG_COMPILER_LAUNCHIMAGE_NAME = LaunchImage;
				GCC_PRECOMPILE_PREFIX_HEADER = YES;
				GCC_PREFIX_HEADER = "FunnlMail/FunnlMail-Prefix.pch";
				INFOPLIST_FILE = "FunnlMail/FunnlMail-Info.plist";
				PRODUCT_NAME = "$(TARGET_NAME)";
				WRAPPER_EXTENSION = app;
			};
			name = Debug;
		};
		66F2C49A18E3293F00CD593E /* Release */ = {
			isa = XCBuildConfiguration;
			buildSettings = {
				ASSETCATALOG_COMPILER_APPICON_NAME = AppIcon;
				ASSETCATALOG_COMPILER_LAUNCHIMAGE_NAME = LaunchImage;
				GCC_PRECOMPILE_PREFIX_HEADER = YES;
				GCC_PREFIX_HEADER = "FunnlMail/FunnlMail-Prefix.pch";
				INFOPLIST_FILE = "FunnlMail/FunnlMail-Info.plist";
				PRODUCT_NAME = "$(TARGET_NAME)";
				WRAPPER_EXTENSION = app;
			};
			name = Release;
		};
		66F2C49C18E3293F00CD593E /* Debug */ = {
			isa = XCBuildConfiguration;
			buildSettings = {
				ARCHS = "$(ARCHS_STANDARD_INCLUDING_64_BIT)";
				BUNDLE_LOADER = "$(BUILT_PRODUCTS_DIR)/FunnlMail.app/FunnlMail";
				FRAMEWORK_SEARCH_PATHS = (
					"$(SDKROOT)/Developer/Library/Frameworks",
					"$(inherited)",
					"$(DEVELOPER_FRAMEWORKS_DIR)",
				);
				GCC_PRECOMPILE_PREFIX_HEADER = YES;
				GCC_PREFIX_HEADER = "FunnlMail/FunnlMail-Prefix.pch";
				GCC_PREPROCESSOR_DEFINITIONS = (
					"DEBUG=1",
					"$(inherited)",
				);
				INFOPLIST_FILE = "FunnlMailTests/FunnlMailTests-Info.plist";
				PRODUCT_NAME = "$(TARGET_NAME)";
				TEST_HOST = "$(BUNDLE_LOADER)";
				WRAPPER_EXTENSION = xctest;
			};
			name = Debug;
		};
		66F2C49D18E3293F00CD593E /* Release */ = {
			isa = XCBuildConfiguration;
			buildSettings = {
				ARCHS = "$(ARCHS_STANDARD_INCLUDING_64_BIT)";
				BUNDLE_LOADER = "$(BUILT_PRODUCTS_DIR)/FunnlMail.app/FunnlMail";
				FRAMEWORK_SEARCH_PATHS = (
					"$(SDKROOT)/Developer/Library/Frameworks",
					"$(inherited)",
					"$(DEVELOPER_FRAMEWORKS_DIR)",
				);
				GCC_PRECOMPILE_PREFIX_HEADER = YES;
				GCC_PREFIX_HEADER = "FunnlMail/FunnlMail-Prefix.pch";
				INFOPLIST_FILE = "FunnlMailTests/FunnlMailTests-Info.plist";
				PRODUCT_NAME = "$(TARGET_NAME)";
				TEST_HOST = "$(BUNDLE_LOADER)";
				WRAPPER_EXTENSION = xctest;
			};
			name = Release;
		};
/* End XCBuildConfiguration section */

/* Begin XCConfigurationList section */
		66F2C46118E3293E00CD593E /* Build configuration list for PBXProject "FunnlMail" */ = {
			isa = XCConfigurationList;
			buildConfigurations = (
				66F2C49618E3293F00CD593E /* Debug */,
				66F2C49718E3293F00CD593E /* Release */,
			);
			defaultConfigurationIsVisible = 0;
			defaultConfigurationName = Release;
		};
		66F2C49818E3293F00CD593E /* Build configuration list for PBXNativeTarget "FunnlMail" */ = {
			isa = XCConfigurationList;
			buildConfigurations = (
				66F2C49918E3293F00CD593E /* Debug */,
				66F2C49A18E3293F00CD593E /* Release */,
			);
			defaultConfigurationIsVisible = 0;
			defaultConfigurationName = Release;
		};
		66F2C49B18E3293F00CD593E /* Build configuration list for PBXNativeTarget "FunnlMailTests" */ = {
			isa = XCConfigurationList;
			buildConfigurations = (
				66F2C49C18E3293F00CD593E /* Debug */,
				66F2C49D18E3293F00CD593E /* Release */,
			);
			defaultConfigurationIsVisible = 0;
			defaultConfigurationName = Release;
		};
/* End XCConfigurationList section */
	};
	rootObject = 66F2C45E18E3293E00CD593E /* Project object */;
}
